<?xml version="1.0" encoding="UTF-8"?>
<!DOCTYPE plist PUBLIC "-//Apple//DTD PLIST 1.0//EN" "http://www.apple.com/DTDs/PropertyList-1.0.dtd">
<plist version="1.0">
<dict>
	<key>archiveVersion</key>
	<string>1</string>
	<key>classes</key>
	<dict/>
	<key>objectVersion</key>
	<string>46</string>
	<key>objects</key>
	<dict>
		<key>02AFC1971897FC830032F838</key>
		<dict>
			<key>fileEncoding</key>
			<string>4</string>
			<key>isa</key>
			<string>PBXFileReference</string>
			<key>lastKnownFileType</key>
			<string>sourcecode.c.h</string>
			<key>path</key>
			<string>Cat.h</string>
			<key>sourceTree</key>
			<string>&lt;group&gt;</string>
		</dict>
		<key>02AFC1981897FC830032F838</key>
		<dict>
			<key>fileEncoding</key>
			<string>4</string>
			<key>isa</key>
			<string>PBXFileReference</string>
			<key>lastKnownFileType</key>
			<string>sourcecode.c.objc</string>
			<key>path</key>
			<string>Cat.m</string>
			<key>sourceTree</key>
			<string>&lt;group&gt;</string>
		</dict>
		<key>02AFC1991897FC830032F838</key>
		<dict>
			<key>fileRef</key>
			<string>02AFC1981897FC830032F838</string>
			<key>isa</key>
			<string>PBXBuildFile</string>
		</dict>
		<key>02E17D861853E26800DF27BE</key>
		<dict>
			<key>fileEncoding</key>
			<string>4</string>
			<key>isa</key>
			<string>PBXFileReference</string>
			<key>lastKnownFileType</key>
			<string>sourcecode.c.h</string>
			<key>path</key>
			<string>Alien.h</string>
			<key>sourceTree</key>
			<string>&lt;group&gt;</string>
		</dict>
		<key>02E17D871853E26800DF27BE</key>
		<dict>
			<key>fileEncoding</key>
			<string>4</string>
			<key>isa</key>
			<string>PBXFileReference</string>
			<key>lastKnownFileType</key>
			<string>sourcecode.c.objc</string>
			<key>path</key>
			<string>Alien.m</string>
			<key>sourceTree</key>
			<string>&lt;group&gt;</string>
		</dict>
		<key>02E17D881853E26800DF27BE</key>
		<dict>
			<key>fileRef</key>
			<string>02E17D871853E26800DF27BE</string>
			<key>isa</key>
			<string>PBXBuildFile</string>
		</dict>
		<key>02E17D8A1853E27400DF27BE</key>
		<dict>
			<key>fileEncoding</key>
			<string>4</string>
			<key>isa</key>
			<string>PBXFileReference</string>
			<key>lastKnownFileType</key>
			<string>sourcecode.c.h</string>
			<key>path</key>
			<string>Finger.h</string>
			<key>sourceTree</key>
			<string>&lt;group&gt;</string>
		</dict>
		<key>02E17D8B1853E27400DF27BE</key>
		<dict>
			<key>fileEncoding</key>
			<string>4</string>
			<key>isa</key>
			<string>PBXFileReference</string>
			<key>lastKnownFileType</key>
			<string>sourcecode.c.objc</string>
			<key>path</key>
			<string>Finger.m</string>
			<key>sourceTree</key>
			<string>&lt;group&gt;</string>
		</dict>
		<key>02E17D8C1853E27400DF27BE</key>
		<dict>
			<key>fileRef</key>
			<string>02E17D8B1853E27400DF27BE</string>
			<key>isa</key>
			<string>PBXBuildFile</string>
		</dict>
		<key>02FF770918E31CE4002282D3</key>
		<dict>
			<key>isa</key>
			<string>PBXFileReference</string>
			<key>lastKnownFileType</key>
			<string>folder.assetcatalog</string>
			<key>name</key>
			<string>Images.xcassets</string>
			<key>path</key>
			<string>EasyMappingExample/Images.xcassets</string>
			<key>sourceTree</key>
			<string>&lt;group&gt;</string>
		</dict>
		<key>02FF770A18E31CE4002282D3</key>
		<dict>
			<key>fileRef</key>
			<string>02FF770918E31CE4002282D3</string>
			<key>isa</key>
			<string>PBXBuildFile</string>
		</dict>
		<key>02FF771018E32098002282D3</key>
		<dict>
			<key>isa</key>
			<string>PBXFileReference</string>
			<key>lastKnownFileType</key>
			<string>wrapper.framework</string>
			<key>name</key>
			<string>XCTest.framework</string>
			<key>path</key>
			<string>Library/Frameworks/XCTest.framework</string>
			<key>sourceTree</key>
			<string>DEVELOPER_DIR</string>
		</dict>
		<key>02FF772218E32249002282D3</key>
		<dict>
			<key>buildActionMask</key>
			<string>2147483647</string>
			<key>files</key>
			<array>
				<string>02FF775918E322B2002282D3</string>
				<string>02FF775A18E322B2002282D3</string>
				<string>02FF775C18E322B2002282D3</string>
				<string>02FF775B18E322B2002282D3</string>
			</array>
			<key>isa</key>
			<string>PBXSourcesBuildPhase</string>
			<key>runOnlyForDeploymentPostprocessing</key>
			<string>0</string>
		</dict>
		<key>02FF772318E32249002282D3</key>
		<dict>
			<key>buildActionMask</key>
			<string>2147483647</string>
			<key>files</key>
			<array>
				<string>02FF772718E32249002282D3</string>
				<string>02FF772918E32249002282D3</string>
				<string>02FF772818E32249002282D3</string>
				<string>26D15003944A49828FC15198</string>
			</array>
			<key>isa</key>
			<string>PBXFrameworksBuildPhase</string>
			<key>runOnlyForDeploymentPostprocessing</key>
			<string>0</string>
		</dict>
		<key>02FF772418E32249002282D3</key>
		<dict>
			<key>buildActionMask</key>
			<string>2147483647</string>
			<key>files</key>
			<array>
				<string>02FF774718E32294002282D3</string>
				<string>02FF774E18E32294002282D3</string>
				<string>02FF774F18E32294002282D3</string>
				<string>02FF775218E32294002282D3</string>
				<string>02FF775418E32294002282D3</string>
				<string>02FF772F18E32249002282D3</string>
				<string>02FF774B18E32294002282D3</string>
				<string>02FF774918E32294002282D3</string>
				<string>02FF775018E32294002282D3</string>
				<string>02FF774818E32294002282D3</string>
				<string>02FF774A18E32294002282D3</string>
				<string>02FF774D18E32294002282D3</string>
				<string>02FF774C18E32294002282D3</string>
				<string>02FF775318E32294002282D3</string>
				<string>02FF775118E32294002282D3</string>
			</array>
			<key>isa</key>
			<string>PBXResourcesBuildPhase</string>
			<key>runOnlyForDeploymentPostprocessing</key>
			<string>0</string>
		</dict>
		<key>02FF772518E32249002282D3</key>
		<dict>
			<key>buildConfigurationList</key>
			<string>02FF773518E32249002282D3</string>
			<key>buildPhases</key>
			<array>
				<string>BC910106DDF44005A63502D2</string>
				<string>02FF772218E32249002282D3</string>
				<string>02FF772318E32249002282D3</string>
				<string>02FF772418E32249002282D3</string>
				<string>36A778D5906448E9A08A204F</string>
			</array>
			<key>buildRules</key>
			<array/>
			<key>dependencies</key>
			<array>
				<string>02FF773418E32249002282D3</string>
			</array>
			<key>isa</key>
			<string>PBXNativeTarget</string>
			<key>name</key>
			<string>EasyMappingExampleTests</string>
			<key>productName</key>
			<string>EasyMappingExampleTests</string>
			<key>productReference</key>
			<string>02FF772618E32249002282D3</string>
			<key>productType</key>
			<string>com.apple.product-type.bundle.unit-test</string>
		</dict>
		<key>02FF772618E32249002282D3</key>
		<dict>
			<key>explicitFileType</key>
			<string>wrapper.cfbundle</string>
			<key>includeInIndex</key>
			<string>0</string>
			<key>isa</key>
			<string>PBXFileReference</string>
			<key>path</key>
			<string>EasyMappingExampleTests.xctest</string>
			<key>sourceTree</key>
			<string>BUILT_PRODUCTS_DIR</string>
		</dict>
		<key>02FF772718E32249002282D3</key>
		<dict>
			<key>fileRef</key>
			<string>02FF771018E32098002282D3</string>
			<key>isa</key>
			<string>PBXBuildFile</string>
		</dict>
		<key>02FF772818E32249002282D3</key>
		<dict>
			<key>fileRef</key>
			<string>C6557E1716D6621E005D2D3E</string>
			<key>isa</key>
			<string>PBXBuildFile</string>
		</dict>
		<key>02FF772918E32249002282D3</key>
		<dict>
			<key>fileRef</key>
			<string>C6557E1516D6621E005D2D3E</string>
			<key>isa</key>
			<string>PBXBuildFile</string>
		</dict>
		<key>02FF772A18E32249002282D3</key>
		<dict>
			<key>children</key>
			<array>
				<string>02FF775518E322B2002282D3</string>
				<string>02FF775618E322B2002282D3</string>
				<string>02FF775718E322B2002282D3</string>
				<string>02FF775818E322B2002282D3</string>
				<string>02FF773818E32257002282D3</string>
				<string>02FF772B18E32249002282D3</string>
			</array>
			<key>isa</key>
			<string>PBXGroup</string>
			<key>path</key>
			<string>EasyMappingExampleTests</string>
			<key>sourceTree</key>
			<string>&lt;group&gt;</string>
		</dict>
		<key>02FF772B18E32249002282D3</key>
		<dict>
			<key>children</key>
			<array>
				<string>02FF772C18E32249002282D3</string>
				<string>02FF772D18E32249002282D3</string>
				<string>02FF773218E32249002282D3</string>
			</array>
			<key>isa</key>
			<string>PBXGroup</string>
			<key>name</key>
			<string>Supporting Files</string>
			<key>sourceTree</key>
			<string>&lt;group&gt;</string>
		</dict>
		<key>02FF772C18E32249002282D3</key>
		<dict>
			<key>isa</key>
			<string>PBXFileReference</string>
			<key>lastKnownFileType</key>
			<string>text.plist.xml</string>
			<key>path</key>
			<string>EasyMappingExampleTests-Info.plist</string>
			<key>sourceTree</key>
			<string>&lt;group&gt;</string>
		</dict>
		<key>02FF772D18E32249002282D3</key>
		<dict>
			<key>children</key>
			<array>
				<string>02FF772E18E32249002282D3</string>
			</array>
			<key>isa</key>
			<string>PBXVariantGroup</string>
			<key>name</key>
			<string>InfoPlist.strings</string>
			<key>sourceTree</key>
			<string>&lt;group&gt;</string>
		</dict>
		<key>02FF772E18E32249002282D3</key>
		<dict>
			<key>isa</key>
			<string>PBXFileReference</string>
			<key>lastKnownFileType</key>
			<string>text.plist.strings</string>
			<key>name</key>
			<string>en</string>
			<key>path</key>
			<string>en.lproj/InfoPlist.strings</string>
			<key>sourceTree</key>
			<string>&lt;group&gt;</string>
		</dict>
		<key>02FF772F18E32249002282D3</key>
		<dict>
			<key>fileRef</key>
			<string>02FF772D18E32249002282D3</string>
			<key>isa</key>
			<string>PBXBuildFile</string>
		</dict>
		<key>02FF773218E32249002282D3</key>
		<dict>
			<key>isa</key>
			<string>PBXFileReference</string>
			<key>lastKnownFileType</key>
			<string>sourcecode.c.h</string>
			<key>path</key>
			<string>EasyMappingExampleTests-Prefix.pch</string>
			<key>sourceTree</key>
			<string>&lt;group&gt;</string>
		</dict>
		<key>02FF773318E32249002282D3</key>
		<dict>
			<key>containerPortal</key>
			<string>C6557E0A16D6621E005D2D3E</string>
			<key>isa</key>
			<string>PBXContainerItemProxy</string>
			<key>proxyType</key>
			<string>1</string>
			<key>remoteGlobalIDString</key>
			<string>C6557E1116D6621E005D2D3E</string>
			<key>remoteInfo</key>
			<string>EasyMappingExample</string>
		</dict>
		<key>02FF773418E32249002282D3</key>
		<dict>
			<key>isa</key>
			<string>PBXTargetDependency</string>
			<key>target</key>
			<string>C6557E1116D6621E005D2D3E</string>
			<key>targetProxy</key>
			<string>02FF773318E32249002282D3</string>
		</dict>
		<key>02FF773518E32249002282D3</key>
		<dict>
			<key>buildConfigurations</key>
			<array>
				<string>02FF773618E32249002282D3</string>
				<string>02FF773718E32249002282D3</string>
			</array>
			<key>defaultConfigurationIsVisible</key>
			<string>0</string>
			<key>isa</key>
			<string>XCConfigurationList</string>
		</dict>
		<key>02FF773618E32249002282D3</key>
		<dict>
			<key>baseConfigurationReference</key>
			<string>A6E6257F188B4B86A6EC59A9</string>
			<key>buildSettings</key>
			<dict>
				<key>BUNDLE_LOADER</key>
				<string>$(BUILT_PRODUCTS_DIR)/EasyMappingExample.app/EasyMappingExample</string>
				<key>CLANG_ENABLE_MODULES</key>
				<string>YES</string>
				<key>CLANG_WARN_BOOL_CONVERSION</key>
				<string>YES</string>
				<key>CLANG_WARN_DIRECT_OBJC_ISA_USAGE</key>
				<string>YES_ERROR</string>
				<key>CLANG_WARN_OBJC_ROOT_CLASS</key>
				<string>YES_ERROR</string>
				<key>FRAMEWORK_SEARCH_PATHS</key>
				<array>
					<string>$(SDKROOT)/Developer/Library/Frameworks</string>
					<string>$(inherited)</string>
					<string>$(DEVELOPER_FRAMEWORKS_DIR)</string>
				</array>
				<key>GCC_PRECOMPILE_PREFIX_HEADER</key>
				<string>YES</string>
				<key>GCC_PREFIX_HEADER</key>
				<string>EasyMappingExampleTests/EasyMappingExampleTests-Prefix.pch</string>
				<key>GCC_PREPROCESSOR_DEFINITIONS</key>
				<array>
					<string>DEBUG=1</string>
					<string>$(inherited)</string>
				</array>
				<key>GCC_WARN_64_TO_32_BIT_CONVERSION</key>
				<string>YES</string>
				<key>GCC_WARN_ABOUT_RETURN_TYPE</key>
				<string>YES_ERROR</string>
				<key>GCC_WARN_UNDECLARED_SELECTOR</key>
				<string>YES</string>
				<key>GCC_WARN_UNINITIALIZED_AUTOS</key>
				<string>YES_AGGRESSIVE</string>
				<key>GCC_WARN_UNUSED_FUNCTION</key>
				<string>YES</string>
				<key>INFOPLIST_FILE</key>
				<string>EasyMappingExampleTests/EasyMappingExampleTests-Info.plist</string>
				<key>PRODUCT_NAME</key>
				<string>$(TARGET_NAME)</string>
				<key>TEST_HOST</key>
				<string>$(BUNDLE_LOADER)</string>
				<key>WRAPPER_EXTENSION</key>
				<string>xctest</string>
			</dict>
			<key>isa</key>
			<string>XCBuildConfiguration</string>
			<key>name</key>
			<string>Debug</string>
		</dict>
		<key>02FF773718E32249002282D3</key>
		<dict>
			<key>baseConfigurationReference</key>
			<string>A6E6257F188B4B86A6EC59A9</string>
			<key>buildSettings</key>
			<dict>
				<key>BUNDLE_LOADER</key>
				<string>$(BUILT_PRODUCTS_DIR)/EasyMappingExample.app/EasyMappingExample</string>
				<key>CLANG_ENABLE_MODULES</key>
				<string>YES</string>
				<key>CLANG_WARN_BOOL_CONVERSION</key>
				<string>YES</string>
				<key>CLANG_WARN_DIRECT_OBJC_ISA_USAGE</key>
				<string>YES_ERROR</string>
				<key>CLANG_WARN_OBJC_ROOT_CLASS</key>
				<string>YES_ERROR</string>
				<key>ENABLE_NS_ASSERTIONS</key>
				<string>NO</string>
				<key>FRAMEWORK_SEARCH_PATHS</key>
				<array>
					<string>$(SDKROOT)/Developer/Library/Frameworks</string>
					<string>$(inherited)</string>
					<string>$(DEVELOPER_FRAMEWORKS_DIR)</string>
				</array>
				<key>GCC_PRECOMPILE_PREFIX_HEADER</key>
				<string>YES</string>
				<key>GCC_PREFIX_HEADER</key>
				<string>EasyMappingExampleTests/EasyMappingExampleTests-Prefix.pch</string>
				<key>GCC_WARN_64_TO_32_BIT_CONVERSION</key>
				<string>YES</string>
				<key>GCC_WARN_ABOUT_RETURN_TYPE</key>
				<string>YES_ERROR</string>
				<key>GCC_WARN_UNDECLARED_SELECTOR</key>
				<string>YES</string>
				<key>GCC_WARN_UNINITIALIZED_AUTOS</key>
				<string>YES_AGGRESSIVE</string>
				<key>GCC_WARN_UNUSED_FUNCTION</key>
				<string>YES</string>
				<key>INFOPLIST_FILE</key>
				<string>EasyMappingExampleTests/EasyMappingExampleTests-Info.plist</string>
				<key>PRODUCT_NAME</key>
				<string>$(TARGET_NAME)</string>
				<key>TEST_HOST</key>
				<string>$(BUNDLE_LOADER)</string>
				<key>WRAPPER_EXTENSION</key>
				<string>xctest</string>
			</dict>
			<key>isa</key>
			<string>XCBuildConfiguration</string>
			<key>name</key>
			<string>Release</string>
		</dict>
		<key>02FF773818E32257002282D3</key>
		<dict>
			<key>children</key>
			<array>
				<string>02FF773918E32294002282D3</string>
				<string>02FF773A18E32294002282D3</string>
				<string>02FF773B18E32294002282D3</string>
				<string>02FF773C18E32294002282D3</string>
				<string>02FF773D18E32294002282D3</string>
				<string>02FF773E18E32294002282D3</string>
				<string>02FF773F18E32294002282D3</string>
				<string>02FF774018E32294002282D3</string>
				<string>02FF774118E32294002282D3</string>
				<string>02FF774218E32294002282D3</string>
				<string>02FF774318E32294002282D3</string>
				<string>02FF774418E32294002282D3</string>
				<string>02FF774518E32294002282D3</string>
				<string>02FF774618E32294002282D3</string>
			</array>
			<key>isa</key>
			<string>PBXGroup</string>
			<key>name</key>
			<string>Fixtures</string>
			<key>sourceTree</key>
			<string>&lt;group&gt;</string>
		</dict>
		<key>02FF773918E32294002282D3</key>
		<dict>
			<key>fileEncoding</key>
			<string>4</string>
			<key>isa</key>
			<string>PBXFileReference</string>
			<key>lastKnownFileType</key>
			<string>text.json</string>
			<key>path</key>
			<string>Address.json</string>
			<key>sourceTree</key>
			<string>&lt;group&gt;</string>
		</dict>
		<key>02FF773A18E32294002282D3</key>
		<dict>
			<key>fileEncoding</key>
			<string>4</string>
			<key>isa</key>
			<string>PBXFileReference</string>
			<key>lastKnownFileType</key>
			<string>text.json</string>
			<key>path</key>
			<string>Alien.json</string>
			<key>sourceTree</key>
			<string>&lt;group&gt;</string>
		</dict>
		<key>02FF773B18E32294002282D3</key>
		<dict>
			<key>fileEncoding</key>
			<string>4</string>
			<key>isa</key>
			<string>PBXFileReference</string>
			<key>lastKnownFileType</key>
			<string>text.json</string>
			<key>path</key>
			<string>Car.json</string>
			<key>sourceTree</key>
			<string>&lt;group&gt;</string>
		</dict>
		<key>02FF773C18E32294002282D3</key>
		<dict>
			<key>fileEncoding</key>
			<string>4</string>
			<key>isa</key>
			<string>PBXFileReference</string>
			<key>lastKnownFileType</key>
			<string>text.json</string>
			<key>path</key>
			<string>Cars.json</string>
			<key>sourceTree</key>
			<string>&lt;group&gt;</string>
		</dict>
		<key>02FF773D18E32294002282D3</key>
		<dict>
			<key>fileEncoding</key>
			<string>4</string>
			<key>isa</key>
			<string>PBXFileReference</string>
			<key>lastKnownFileType</key>
			<string>text.json</string>
			<key>path</key>
			<string>CarWithDate.json</string>
			<key>sourceTree</key>
			<string>&lt;group&gt;</string>
		</dict>
		<key>02FF773E18E32294002282D3</key>
		<dict>
			<key>fileEncoding</key>
			<string>4</string>
			<key>isa</key>
			<string>PBXFileReference</string>
			<key>lastKnownFileType</key>
			<string>text.json</string>
			<key>path</key>
			<string>CarWithNestedAttributes.json</string>
			<key>sourceTree</key>
			<string>&lt;group&gt;</string>
		</dict>
		<key>02FF773F18E32294002282D3</key>
		<dict>
			<key>fileEncoding</key>
			<string>4</string>
			<key>isa</key>
			<string>PBXFileReference</string>
			<key>lastKnownFileType</key>
			<string>text.json</string>
			<key>path</key>
			<string>CarWithRoot.json</string>
			<key>sourceTree</key>
			<string>&lt;group&gt;</string>
		</dict>
		<key>02FF774018E32294002282D3</key>
		<dict>
			<key>fileEncoding</key>
			<string>4</string>
			<key>isa</key>
			<string>PBXFileReference</string>
			<key>lastKnownFileType</key>
			<string>text.json</string>
			<key>path</key>
			<string>Female.json</string>
			<key>sourceTree</key>
			<string>&lt;group&gt;</string>
		</dict>
		<key>02FF774118E32294002282D3</key>
		<dict>
			<key>fileEncoding</key>
			<string>4</string>
			<key>isa</key>
			<string>PBXFileReference</string>
			<key>lastKnownFileType</key>
			<string>text.json</string>
			<key>path</key>
			<string>Male.json</string>
			<key>sourceTree</key>
			<string>&lt;group&gt;</string>
		</dict>
		<key>02FF774218E32294002282D3</key>
		<dict>
			<key>fileEncoding</key>
			<string>4</string>
			<key>isa</key>
			<string>PBXFileReference</string>
			<key>lastKnownFileType</key>
			<string>text.json</string>
			<key>path</key>
			<string>Native.json</string>
			<key>sourceTree</key>
			<string>&lt;group&gt;</string>
		</dict>
		<key>02FF774318E32294002282D3</key>
		<dict>
			<key>fileEncoding</key>
			<string>4</string>
			<key>isa</key>
			<string>PBXFileReference</string>
			<key>lastKnownFileType</key>
			<string>text.json</string>
			<key>path</key>
			<string>NativeChild.json</string>
			<key>sourceTree</key>
			<string>&lt;group&gt;</string>
		</dict>
		<key>02FF774418E32294002282D3</key>
		<dict>
			<key>fileEncoding</key>
			<string>4</string>
			<key>isa</key>
			<string>PBXFileReference</string>
			<key>lastKnownFileType</key>
			<string>text.json</string>
			<key>path</key>
			<string>Person.json</string>
			<key>sourceTree</key>
			<string>&lt;group&gt;</string>
		</dict>
		<key>02FF774518E32294002282D3</key>
		<dict>
			<key>fileEncoding</key>
			<string>4</string>
			<key>isa</key>
			<string>PBXFileReference</string>
			<key>lastKnownFileType</key>
			<string>text.json</string>
			<key>path</key>
			<string>PersonWithDifferentNaming.json</string>
			<key>sourceTree</key>
			<string>&lt;group&gt;</string>
		</dict>
		<key>02FF774618E32294002282D3</key>
		<dict>
			<key>fileEncoding</key>
			<string>4</string>
			<key>isa</key>
			<string>PBXFileReference</string>
			<key>lastKnownFileType</key>
			<string>text.json</string>
			<key>path</key>
			<string>Plane.json</string>
			<key>sourceTree</key>
			<string>&lt;group&gt;</string>
		</dict>
		<key>02FF774718E32294002282D3</key>
		<dict>
			<key>fileRef</key>
			<string>02FF773918E32294002282D3</string>
			<key>isa</key>
			<string>PBXBuildFile</string>
		</dict>
		<key>02FF774818E32294002282D3</key>
		<dict>
			<key>fileRef</key>
			<string>02FF773A18E32294002282D3</string>
			<key>isa</key>
			<string>PBXBuildFile</string>
		</dict>
		<key>02FF774918E32294002282D3</key>
		<dict>
			<key>fileRef</key>
			<string>02FF773B18E32294002282D3</string>
			<key>isa</key>
			<string>PBXBuildFile</string>
		</dict>
		<key>02FF774A18E32294002282D3</key>
		<dict>
			<key>fileRef</key>
			<string>02FF773C18E32294002282D3</string>
			<key>isa</key>
			<string>PBXBuildFile</string>
		</dict>
		<key>02FF774B18E32294002282D3</key>
		<dict>
			<key>fileRef</key>
			<string>02FF773D18E32294002282D3</string>
			<key>isa</key>
			<string>PBXBuildFile</string>
		</dict>
		<key>02FF774C18E32294002282D3</key>
		<dict>
			<key>fileRef</key>
			<string>02FF773E18E32294002282D3</string>
			<key>isa</key>
			<string>PBXBuildFile</string>
		</dict>
		<key>02FF774D18E32294002282D3</key>
		<dict>
			<key>fileRef</key>
			<string>02FF773F18E32294002282D3</string>
			<key>isa</key>
			<string>PBXBuildFile</string>
		</dict>
		<key>02FF774E18E32294002282D3</key>
		<dict>
			<key>fileRef</key>
			<string>02FF774018E32294002282D3</string>
			<key>isa</key>
			<string>PBXBuildFile</string>
		</dict>
		<key>02FF774F18E32294002282D3</key>
		<dict>
			<key>fileRef</key>
			<string>02FF774118E32294002282D3</string>
			<key>isa</key>
			<string>PBXBuildFile</string>
		</dict>
		<key>02FF775018E32294002282D3</key>
		<dict>
			<key>fileRef</key>
			<string>02FF774218E32294002282D3</string>
			<key>isa</key>
			<string>PBXBuildFile</string>
		</dict>
		<key>02FF775118E32294002282D3</key>
		<dict>
			<key>fileRef</key>
			<string>02FF774318E32294002282D3</string>
			<key>isa</key>
			<string>PBXBuildFile</string>
		</dict>
		<key>02FF775218E32294002282D3</key>
		<dict>
			<key>fileRef</key>
			<string>02FF774418E32294002282D3</string>
			<key>isa</key>
			<string>PBXBuildFile</string>
		</dict>
		<key>02FF775318E32294002282D3</key>
		<dict>
			<key>fileRef</key>
			<string>02FF774518E32294002282D3</string>
			<key>isa</key>
			<string>PBXBuildFile</string>
		</dict>
		<key>02FF775418E32294002282D3</key>
		<dict>
			<key>fileRef</key>
			<string>02FF774618E32294002282D3</string>
			<key>isa</key>
			<string>PBXBuildFile</string>
		</dict>
		<key>02FF775518E322B2002282D3</key>
		<dict>
			<key>fileEncoding</key>
			<string>4</string>
			<key>isa</key>
			<string>PBXFileReference</string>
			<key>lastKnownFileType</key>
			<string>sourcecode.c.objc</string>
			<key>path</key>
			<string>EKFieldMappingSpec.m</string>
			<key>sourceTree</key>
			<string>&lt;group&gt;</string>
		</dict>
		<key>02FF775618E322B2002282D3</key>
		<dict>
			<key>fileEncoding</key>
			<string>4</string>
			<key>isa</key>
			<string>PBXFileReference</string>
			<key>lastKnownFileType</key>
			<string>sourcecode.c.objc</string>
			<key>path</key>
			<string>EKMapperSpec.m</string>
			<key>sourceTree</key>
			<string>&lt;group&gt;</string>
		</dict>
		<key>02FF775718E322B2002282D3</key>
		<dict>
			<key>fileEncoding</key>
			<string>4</string>
			<key>isa</key>
			<string>PBXFileReference</string>
			<key>lastKnownFileType</key>
			<string>sourcecode.c.objc</string>
			<key>path</key>
			<string>EKObjectMappingSpec.m</string>
			<key>sourceTree</key>
			<string>&lt;group&gt;</string>
		</dict>
		<key>02FF775818E322B2002282D3</key>
		<dict>
			<key>fileEncoding</key>
			<string>4</string>
			<key>isa</key>
			<string>PBXFileReference</string>
			<key>lastKnownFileType</key>
			<string>sourcecode.c.objc</string>
			<key>path</key>
			<string>EKSerializerSpec.m</string>
			<key>sourceTree</key>
			<string>&lt;group&gt;</string>
		</dict>
		<key>02FF775918E322B2002282D3</key>
		<dict>
			<key>fileRef</key>
			<string>02FF775518E322B2002282D3</string>
			<key>isa</key>
			<string>PBXBuildFile</string>
		</dict>
		<key>02FF775A18E322B2002282D3</key>
		<dict>
			<key>fileRef</key>
			<string>02FF775618E322B2002282D3</string>
			<key>isa</key>
			<string>PBXBuildFile</string>
		</dict>
		<key>02FF775B18E322B2002282D3</key>
		<dict>
			<key>fileRef</key>
			<string>02FF775718E322B2002282D3</string>
			<key>isa</key>
			<string>PBXBuildFile</string>
		</dict>
		<key>02FF775C18E322B2002282D3</key>
		<dict>
			<key>fileRef</key>
			<string>02FF775818E322B2002282D3</string>
			<key>isa</key>
			<string>PBXBuildFile</string>
		</dict>
		<key>26D15003944A49828FC15198</key>
		<dict>
			<key>fileRef</key>
			<string>BC2153A07DAA43D7A6B12319</string>
			<key>isa</key>
			<string>PBXBuildFile</string>
		</dict>
		<key>36A778D5906448E9A08A204F</key>
		<dict>
			<key>buildActionMask</key>
			<string>2147483647</string>
			<key>files</key>
			<array/>
			<key>inputPaths</key>
			<array/>
			<key>isa</key>
			<string>PBXShellScriptBuildPhase</string>
			<key>name</key>
			<string>Copy Pods Resources</string>
			<key>outputPaths</key>
			<array/>
			<key>runOnlyForDeploymentPostprocessing</key>
			<string>0</string>
			<key>shellPath</key>
			<string>/bin/sh</string>
			<key>shellScript</key>
			<string>"${SRCROOT}/Pods/Pods-EasyMappingExampleTests-resources.sh"
</string>
			<key>showEnvVarsInLog</key>
			<string>0</string>
		</dict>
		<key>669426121855F6470064782C</key>
		<dict>
			<key>fileEncoding</key>
			<string>4</string>
			<key>isa</key>
			<string>PBXFileReference</string>
			<key>lastKnownFileType</key>
			<string>sourcecode.c.h</string>
			<key>path</key>
			<string>NativeChild.h</string>
			<key>sourceTree</key>
			<string>&lt;group&gt;</string>
		</dict>
		<key>669426131855F6470064782C</key>
		<dict>
			<key>fileEncoding</key>
			<string>4</string>
			<key>isa</key>
			<string>PBXFileReference</string>
			<key>lastKnownFileType</key>
			<string>sourcecode.c.objc</string>
			<key>path</key>
			<string>NativeChild.m</string>
			<key>sourceTree</key>
			<string>&lt;group&gt;</string>
		</dict>
		<key>669426141855F6470064782C</key>
		<dict>
			<key>fileRef</key>
			<string>669426131855F6470064782C</string>
			<key>isa</key>
			<string>PBXBuildFile</string>
		</dict>
		<key>66C458DA179438FE005AF11E</key>
		<dict>
			<key>children</key>
			<array>
				<string>C6BD161E16DD872400CCB4F6</string>
				<string>C6BD161F16DD872400CCB4F6</string>
				<string>C6557E6416D68D08005D2D3E</string>
				<string>C6557E6516D68D08005D2D3E</string>
				<string>C6557E6716D68D2E005D2D3E</string>
				<string>C6557E6816D68D2E005D2D3E</string>
				<string>C6557E6A16D68D55005D2D3E</string>
				<string>C6557E6B16D68D55005D2D3E</string>
				<string>66C458DC17944983005AF11E</string>
				<string>66C458DD17944983005AF11E</string>
				<string>F889A7B017FDA88500DFC8D4</string>
				<string>F889A7B117FDA88500DFC8D4</string>
				<string>F87FFB791822EC8500F0B424</string>
				<string>F87FFB7A1822EC8500F0B424</string>
				<string>02E17D861853E26800DF27BE</string>
				<string>02E17D871853E26800DF27BE</string>
				<string>02E17D8A1853E27400DF27BE</string>
				<string>02E17D8B1853E27400DF27BE</string>
				<string>669426121855F6470064782C</string>
				<string>669426131855F6470064782C</string>
				<string>02AFC1971897FC830032F838</string>
				<string>02AFC1981897FC830032F838</string>
			</array>
			<key>isa</key>
			<string>PBXGroup</string>
			<key>path</key>
			<string>Models</string>
			<key>sourceTree</key>
			<string>&lt;group&gt;</string>
		</dict>
		<key>66C458DB17943909005AF11E</key>
		<dict>
			<key>children</key>
			<array>
				<string>C6500E3D16D98780009FCC67</string>
				<string>C6500E3E16D98780009FCC67</string>
			</array>
			<key>isa</key>
			<string>PBXGroup</string>
			<key>path</key>
			<string>Providers</string>
			<key>sourceTree</key>
			<string>&lt;group&gt;</string>
		</dict>
		<key>66C458DC17944983005AF11E</key>
		<dict>
			<key>fileEncoding</key>
			<string>4</string>
			<key>isa</key>
			<string>PBXFileReference</string>
			<key>lastKnownFileType</key>
			<string>sourcecode.c.h</string>
			<key>path</key>
			<string>Native.h</string>
			<key>sourceTree</key>
			<string>&lt;group&gt;</string>
		</dict>
		<key>66C458DD17944983005AF11E</key>
		<dict>
			<key>fileEncoding</key>
			<string>4</string>
			<key>isa</key>
			<string>PBXFileReference</string>
			<key>lastKnownFileType</key>
			<string>sourcecode.c.objc</string>
			<key>path</key>
			<string>Native.m</string>
			<key>sourceTree</key>
			<string>&lt;group&gt;</string>
		</dict>
		<key>66C458DE17944983005AF11E</key>
		<dict>
			<key>fileRef</key>
			<string>66C458DD17944983005AF11E</string>
			<key>isa</key>
			<string>PBXBuildFile</string>
		</dict>
		<key>A6E6257F188B4B86A6EC59A9</key>
		<dict>
			<key>includeInIndex</key>
			<string>1</string>
			<key>isa</key>
			<string>PBXFileReference</string>
			<key>lastKnownFileType</key>
			<string>text.xcconfig</string>
			<key>name</key>
			<string>Pods-EasyMappingExampleTests.xcconfig</string>
			<key>path</key>
			<string>Pods/Pods-EasyMappingExampleTests.xcconfig</string>
			<key>sourceTree</key>
			<string>&lt;group&gt;</string>
		</dict>
		<key>A92A6FF516F1A1A4004B43D0</key>
		<dict>
			<key>isa</key>
			<string>PBXFileReference</string>
			<key>lastKnownFileType</key>
			<string>wrapper.framework</string>
			<key>name</key>
			<string>CoreData.framework</string>
			<key>path</key>
			<string>System/Library/Frameworks/CoreData.framework</string>
			<key>sourceTree</key>
			<string>SDKROOT</string>
		</dict>
		<key>A92A6FF616F1A1A4004B43D0</key>
		<dict>
			<key>fileRef</key>
			<string>A92A6FF516F1A1A4004B43D0</string>
			<key>isa</key>
			<string>PBXBuildFile</string>
		</dict>
		<key>A9D16CF616F2B2770003759B</key>
		<dict>
			<key>fileEncoding</key>
			<string>4</string>
			<key>isa</key>
			<string>PBXFileReference</string>
			<key>lastKnownFileType</key>
			<string>sourcecode.c.h</string>
			<key>path</key>
			<string>EasyMapping.h</string>
			<key>sourceTree</key>
			<string>&lt;group&gt;</string>
		</dict>
		<key>A9D16CF716F2B2770003759B</key>
		<dict>
			<key>fileEncoding</key>
			<string>4</string>
			<key>isa</key>
			<string>PBXFileReference</string>
			<key>lastKnownFileType</key>
			<string>sourcecode.c.h</string>
			<key>path</key>
			<string>EKFieldMapping.h</string>
			<key>sourceTree</key>
			<string>&lt;group&gt;</string>
		</dict>
		<key>A9D16CF816F2B2770003759B</key>
		<dict>
			<key>fileEncoding</key>
			<string>4</string>
			<key>isa</key>
			<string>PBXFileReference</string>
			<key>lastKnownFileType</key>
			<string>sourcecode.c.objc</string>
			<key>path</key>
			<string>EKFieldMapping.m</string>
			<key>sourceTree</key>
			<string>&lt;group&gt;</string>
		</dict>
		<key>A9D16CF916F2B2770003759B</key>
		<dict>
			<key>fileEncoding</key>
			<string>4</string>
			<key>isa</key>
			<string>PBXFileReference</string>
			<key>lastKnownFileType</key>
			<string>sourcecode.c.h</string>
			<key>path</key>
			<string>EKMapper.h</string>
			<key>sourceTree</key>
			<string>&lt;group&gt;</string>
		</dict>
		<key>A9D16CFA16F2B2770003759B</key>
		<dict>
			<key>fileEncoding</key>
			<string>4</string>
			<key>isa</key>
			<string>PBXFileReference</string>
			<key>lastKnownFileType</key>
			<string>sourcecode.c.objc</string>
			<key>path</key>
			<string>EKMapper.m</string>
			<key>sourceTree</key>
			<string>&lt;group&gt;</string>
		</dict>
		<key>A9D16CFB16F2B2770003759B</key>
		<dict>
			<key>fileEncoding</key>
			<string>4</string>
			<key>isa</key>
			<string>PBXFileReference</string>
			<key>lastKnownFileType</key>
			<string>sourcecode.c.h</string>
			<key>path</key>
			<string>EKMappingBlocks.h</string>
			<key>sourceTree</key>
			<string>&lt;group&gt;</string>
		</dict>
		<key>A9D16CFC16F2B2770003759B</key>
		<dict>
			<key>fileEncoding</key>
			<string>4</string>
			<key>isa</key>
			<string>PBXFileReference</string>
			<key>lastKnownFileType</key>
			<string>sourcecode.c.h</string>
			<key>path</key>
			<string>EKObjectMapping.h</string>
			<key>sourceTree</key>
			<string>&lt;group&gt;</string>
		</dict>
		<key>A9D16CFD16F2B2770003759B</key>
		<dict>
			<key>fileEncoding</key>
			<string>4</string>
			<key>isa</key>
			<string>PBXFileReference</string>
			<key>lastKnownFileType</key>
			<string>sourcecode.c.objc</string>
			<key>path</key>
			<string>EKObjectMapping.m</string>
			<key>sourceTree</key>
			<string>&lt;group&gt;</string>
		</dict>
		<key>A9D16CFE16F2B2770003759B</key>
		<dict>
			<key>fileEncoding</key>
			<string>4</string>
			<key>isa</key>
			<string>PBXFileReference</string>
			<key>lastKnownFileType</key>
			<string>sourcecode.c.h</string>
			<key>path</key>
			<string>EKPropertyHelper.h</string>
			<key>sourceTree</key>
			<string>&lt;group&gt;</string>
		</dict>
		<key>A9D16CFF16F2B2770003759B</key>
		<dict>
			<key>fileEncoding</key>
			<string>4</string>
			<key>isa</key>
			<string>PBXFileReference</string>
			<key>lastKnownFileType</key>
			<string>sourcecode.c.objc</string>
			<key>path</key>
			<string>EKPropertyHelper.m</string>
			<key>sourceTree</key>
			<string>&lt;group&gt;</string>
		</dict>
		<key>A9D16D0016F2B2770003759B</key>
		<dict>
			<key>fileEncoding</key>
			<string>4</string>
			<key>isa</key>
			<string>PBXFileReference</string>
			<key>lastKnownFileType</key>
			<string>sourcecode.c.h</string>
			<key>path</key>
			<string>EKSerializer.h</string>
			<key>sourceTree</key>
			<string>&lt;group&gt;</string>
		</dict>
		<key>A9D16D0116F2B2770003759B</key>
		<dict>
			<key>fileEncoding</key>
			<string>4</string>
			<key>isa</key>
			<string>PBXFileReference</string>
			<key>lastKnownFileType</key>
			<string>sourcecode.c.objc</string>
			<key>path</key>
			<string>EKSerializer.m</string>
			<key>sourceTree</key>
			<string>&lt;group&gt;</string>
		</dict>
		<key>A9D16D0216F2B2770003759B</key>
		<dict>
			<key>fileEncoding</key>
			<string>4</string>
			<key>isa</key>
			<string>PBXFileReference</string>
			<key>lastKnownFileType</key>
			<string>sourcecode.c.h</string>
			<key>path</key>
			<string>EKTransformer.h</string>
			<key>sourceTree</key>
			<string>&lt;group&gt;</string>
		</dict>
		<key>A9D16D0316F2B2770003759B</key>
		<dict>
			<key>fileEncoding</key>
			<string>4</string>
			<key>isa</key>
			<string>PBXFileReference</string>
			<key>lastKnownFileType</key>
			<string>sourcecode.c.objc</string>
			<key>path</key>
			<string>EKTransformer.m</string>
			<key>sourceTree</key>
			<string>&lt;group&gt;</string>
		</dict>
		<key>A9D16D0416F2B2770003759B</key>
		<dict>
			<key>fileRef</key>
			<string>A9D16CF816F2B2770003759B</string>
			<key>isa</key>
			<string>PBXBuildFile</string>
		</dict>
		<key>A9D16D0516F2B2770003759B</key>
		<dict>
			<key>fileRef</key>
			<string>A9D16CFA16F2B2770003759B</string>
			<key>isa</key>
			<string>PBXBuildFile</string>
		</dict>
		<key>A9D16D0616F2B2770003759B</key>
		<dict>
			<key>fileRef</key>
			<string>A9D16CFD16F2B2770003759B</string>
			<key>isa</key>
			<string>PBXBuildFile</string>
		</dict>
		<key>A9D16D0716F2B2770003759B</key>
		<dict>
			<key>fileRef</key>
			<string>A9D16CFF16F2B2770003759B</string>
			<key>isa</key>
			<string>PBXBuildFile</string>
		</dict>
		<key>A9D16D0816F2B2770003759B</key>
		<dict>
			<key>fileRef</key>
			<string>A9D16D0116F2B2770003759B</string>
			<key>isa</key>
			<string>PBXBuildFile</string>
		</dict>
		<key>A9D16D0916F2B2770003759B</key>
		<dict>
			<key>fileRef</key>
			<string>A9D16D0316F2B2770003759B</string>
			<key>isa</key>
			<string>PBXBuildFile</string>
		</dict>
		<key>BC2153A07DAA43D7A6B12319</key>
		<dict>
			<key>explicitFileType</key>
			<string>archive.ar</string>
			<key>includeInIndex</key>
			<string>0</string>
			<key>isa</key>
			<string>PBXFileReference</string>
			<key>path</key>
			<string>libPods-EasyMappingExampleTests.a</string>
			<key>sourceTree</key>
			<string>BUILT_PRODUCTS_DIR</string>
		</dict>
		<key>BC910106DDF44005A63502D2</key>
		<dict>
			<key>buildActionMask</key>
			<string>2147483647</string>
			<key>files</key>
			<array/>
			<key>inputPaths</key>
			<array/>
			<key>isa</key>
			<string>PBXShellScriptBuildPhase</string>
			<key>name</key>
			<string>Check Pods Manifest.lock</string>
			<key>outputPaths</key>
			<array/>
			<key>runOnlyForDeploymentPostprocessing</key>
			<string>0</string>
			<key>shellPath</key>
			<string>/bin/sh</string>
			<key>shellScript</key>
			<string>diff "${PODS_ROOT}/../Podfile.lock" "${PODS_ROOT}/Manifest.lock" &gt; /dev/null
if [[ $? != 0 ]] ; then
    cat &lt;&lt; EOM
error: The sandbox is not in sync with the Podfile.lock. Run 'pod install' or update your CocoaPods installation.
EOM
    exit 1
fi
</string>
			<key>showEnvVarsInLog</key>
			<string>0</string>
		</dict>
		<key>C6500E3D16D98780009FCC67</key>
		<dict>
			<key>fileEncoding</key>
			<string>4</string>
			<key>isa</key>
			<string>PBXFileReference</string>
			<key>lastKnownFileType</key>
			<string>sourcecode.c.h</string>
			<key>path</key>
			<string>MappingProvider.h</string>
			<key>sourceTree</key>
			<string>&lt;group&gt;</string>
		</dict>
		<key>C6500E3E16D98780009FCC67</key>
		<dict>
			<key>fileEncoding</key>
			<string>4</string>
			<key>isa</key>
			<string>PBXFileReference</string>
			<key>lastKnownFileType</key>
			<string>sourcecode.c.objc</string>
			<key>path</key>
			<string>MappingProvider.m</string>
			<key>sourceTree</key>
			<string>&lt;group&gt;</string>
		</dict>
		<key>C6500E3F16D98780009FCC67</key>
		<dict>
			<key>fileRef</key>
			<string>C6500E3E16D98780009FCC67</string>
			<key>isa</key>
			<string>PBXBuildFile</string>
		</dict>
		<key>C6557E0916D6621E005D2D3E</key>
		<dict>
			<key>children</key>
			<array>
				<string>C6557E1B16D6621E005D2D3E</string>
				<string>02FF772A18E32249002282D3</string>
				<string>C6557E1416D6621E005D2D3E</string>
				<string>C6557E1316D6621E005D2D3E</string>
				<string>A6E6257F188B4B86A6EC59A9</string>
			</array>
			<key>isa</key>
			<string>PBXGroup</string>
			<key>sourceTree</key>
			<string>&lt;group&gt;</string>
		</dict>
		<key>C6557E0A16D6621E005D2D3E</key>
		<dict>
			<key>attributes</key>
			<dict>
				<key>CLASSPREFIX</key>
				<string>EK</string>
				<key>LastTestingUpgradeCheck</key>
				<string>0510</string>
				<key>LastUpgradeCheck</key>
				<string>0460</string>
				<key>ORGANIZATIONNAME</key>
				<string>EasyKit</string>
				<key>TargetAttributes</key>
				<dict>
					<key>02FF772518E32249002282D3</key>
					<dict>
						<key>TestTargetID</key>
						<string>C6557E1116D6621E005D2D3E</string>
					</dict>
				</dict>
			</dict>
			<key>buildConfigurationList</key>
			<string>C6557E0D16D6621E005D2D3E</string>
			<key>compatibilityVersion</key>
			<string>Xcode 3.2</string>
			<key>developmentRegion</key>
			<string>English</string>
			<key>hasScannedForEncodings</key>
			<string>0</string>
			<key>isa</key>
			<string>PBXProject</string>
			<key>knownRegions</key>
			<array>
				<string>en</string>
			</array>
			<key>mainGroup</key>
			<string>C6557E0916D6621E005D2D3E</string>
			<key>productRefGroup</key>
			<string>C6557E1316D6621E005D2D3E</string>
			<key>projectDirPath</key>
			<string></string>
			<key>projectReferences</key>
			<array/>
			<key>projectRoot</key>
			<string></string>
			<key>targets</key>
			<array>
				<string>C6557E1116D6621E005D2D3E</string>
				<string>02FF772518E32249002282D3</string>
			</array>
		</dict>
		<key>C6557E0D16D6621E005D2D3E</key>
		<dict>
			<key>buildConfigurations</key>
			<array>
				<string>C6557E4816D6621E005D2D3E</string>
				<string>C6557E4916D6621E005D2D3E</string>
			</array>
			<key>defaultConfigurationIsVisible</key>
			<string>0</string>
			<key>defaultConfigurationName</key>
			<string>Release</string>
			<key>isa</key>
			<string>XCConfigurationList</string>
		</dict>
		<key>C6557E0E16D6621E005D2D3E</key>
		<dict>
			<key>buildActionMask</key>
			<string>2147483647</string>
			<key>files</key>
			<array>
				<string>F87FFB7518228BA600F0B424</string>
				<string>C6557E2216D6621E005D2D3E</string>
				<string>C6557E5516D665A7005D2D3E</string>
				<string>C6557E5816D665C8005D2D3E</string>
				<string>C6557E6616D68D08005D2D3E</string>
				<string>C6557E6916D68D2E005D2D3E</string>
				<string>C6557E6C16D68D55005D2D3E</string>
				<string>C6500E3F16D98780009FCC67</string>
				<string>C6BD162016DD872400CCB4F6</string>
				<string>02AFC1991897FC830032F838</string>
				<string>02E17D8C1853E27400DF27BE</string>
				<string>F87FFB7B1822EC8500F0B424</string>
				<string>669426141855F6470064782C</string>
				<string>A9D16D0416F2B2770003759B</string>
				<string>A9D16D0516F2B2770003759B</string>
				<string>A9D16D0616F2B2770003759B</string>
				<string>A9D16D0716F2B2770003759B</string>
				<string>A9D16D0816F2B2770003759B</string>
				<string>02E17D881853E26800DF27BE</string>
				<string>A9D16D0916F2B2770003759B</string>
				<string>66C458DE17944983005AF11E</string>
			</array>
			<key>isa</key>
			<string>PBXSourcesBuildPhase</string>
			<key>runOnlyForDeploymentPostprocessing</key>
			<string>0</string>
		</dict>
		<key>C6557E0F16D6621E005D2D3E</key>
		<dict>
			<key>buildActionMask</key>
			<string>2147483647</string>
			<key>files</key>
			<array>
				<string>A92A6FF616F1A1A4004B43D0</string>
				<string>C6BD162216DD876800CCB4F6</string>
				<string>C6557E1616D6621E005D2D3E</string>
				<string>C6557E1816D6621E005D2D3E</string>
				<string>C6557E1A16D6621E005D2D3E</string>
			</array>
			<key>isa</key>
			<string>PBXFrameworksBuildPhase</string>
			<key>runOnlyForDeploymentPostprocessing</key>
			<string>0</string>
		</dict>
		<key>C6557E1016D6621E005D2D3E</key>
		<dict>
			<key>buildActionMask</key>
			<string>2147483647</string>
			<key>files</key>
			<array>
				<string>C6557E2816D6621E005D2D3E</string>
				<string>C6557E2A16D6621E005D2D3E</string>
				<string>02FF770A18E31CE4002282D3</string>
				<string>C6557E2C16D6621E005D2D3E</string>
				<string>C6557E2F16D6621E005D2D3E</string>
			</array>
			<key>isa</key>
			<string>PBXResourcesBuildPhase</string>
			<key>runOnlyForDeploymentPostprocessing</key>
			<string>0</string>
		</dict>
		<key>C6557E1116D6621E005D2D3E</key>
		<dict>
			<key>buildConfigurationList</key>
			<string>C6557E4A16D6621E005D2D3E</string>
			<key>buildPhases</key>
			<array>
				<string>C6557E0E16D6621E005D2D3E</string>
				<string>C6557E0F16D6621E005D2D3E</string>
				<string>C6557E1016D6621E005D2D3E</string>
			</array>
			<key>buildRules</key>
			<array/>
			<key>dependencies</key>
			<array/>
			<key>isa</key>
			<string>PBXNativeTarget</string>
			<key>name</key>
			<string>EasyMappingExample</string>
			<key>productName</key>
			<string>EasyMappingExample</string>
			<key>productReference</key>
			<string>C6557E1216D6621E005D2D3E</string>
			<key>productType</key>
			<string>com.apple.product-type.application</string>
		</dict>
		<key>C6557E1216D6621E005D2D3E</key>
		<dict>
			<key>explicitFileType</key>
			<string>wrapper.application</string>
			<key>includeInIndex</key>
			<string>0</string>
			<key>isa</key>
			<string>PBXFileReference</string>
			<key>path</key>
			<string>EasyMappingExample.app</string>
			<key>sourceTree</key>
			<string>BUILT_PRODUCTS_DIR</string>
		</dict>
		<key>C6557E1316D6621E005D2D3E</key>
		<dict>
			<key>children</key>
			<array>
				<string>C6557E1216D6621E005D2D3E</string>
				<string>02FF772618E32249002282D3</string>
			</array>
			<key>isa</key>
			<string>PBXGroup</string>
			<key>name</key>
			<string>Products</string>
			<key>sourceTree</key>
			<string>&lt;group&gt;</string>
		</dict>
		<key>C6557E1416D6621E005D2D3E</key>
		<dict>
			<key>children</key>
			<array>
				<string>A92A6FF516F1A1A4004B43D0</string>
				<string>C6BD162116DD876700CCB4F6</string>
				<string>C6557E1516D6621E005D2D3E</string>
				<string>C6557E1716D6621E005D2D3E</string>
				<string>C6557E1916D6621E005D2D3E</string>
				<string>02FF771018E32098002282D3</string>
				<string>BC2153A07DAA43D7A6B12319</string>
			</array>
			<key>isa</key>
			<string>PBXGroup</string>
			<key>name</key>
			<string>Frameworks</string>
			<key>sourceTree</key>
			<string>&lt;group&gt;</string>
		</dict>
		<key>C6557E1516D6621E005D2D3E</key>
		<dict>
			<key>isa</key>
			<string>PBXFileReference</string>
			<key>lastKnownFileType</key>
			<string>wrapper.framework</string>
			<key>name</key>
			<string>UIKit.framework</string>
			<key>path</key>
			<string>System/Library/Frameworks/UIKit.framework</string>
			<key>sourceTree</key>
			<string>SDKROOT</string>
		</dict>
		<key>C6557E1616D6621E005D2D3E</key>
		<dict>
			<key>fileRef</key>
			<string>C6557E1516D6621E005D2D3E</string>
			<key>isa</key>
			<string>PBXBuildFile</string>
		</dict>
		<key>C6557E1716D6621E005D2D3E</key>
		<dict>
			<key>isa</key>
			<string>PBXFileReference</string>
			<key>lastKnownFileType</key>
			<string>wrapper.framework</string>
			<key>name</key>
			<string>Foundation.framework</string>
			<key>path</key>
			<string>System/Library/Frameworks/Foundation.framework</string>
			<key>sourceTree</key>
			<string>SDKROOT</string>
		</dict>
		<key>C6557E1816D6621E005D2D3E</key>
		<dict>
			<key>fileRef</key>
			<string>C6557E1716D6621E005D2D3E</string>
			<key>isa</key>
			<string>PBXBuildFile</string>
		</dict>
		<key>C6557E1916D6621E005D2D3E</key>
		<dict>
			<key>isa</key>
			<string>PBXFileReference</string>
			<key>lastKnownFileType</key>
			<string>wrapper.framework</string>
			<key>name</key>
			<string>CoreGraphics.framework</string>
			<key>path</key>
			<string>System/Library/Frameworks/CoreGraphics.framework</string>
			<key>sourceTree</key>
			<string>SDKROOT</string>
		</dict>
		<key>C6557E1A16D6621E005D2D3E</key>
		<dict>
			<key>fileRef</key>
			<string>C6557E1916D6621E005D2D3E</string>
			<key>isa</key>
			<string>PBXBuildFile</string>
		</dict>
		<key>C6557E1B16D6621E005D2D3E</key>
		<dict>
			<key>children</key>
			<array>
				<string>C6557E5016D6652A005D2D3E</string>
				<string>C6557E5216D66542005D2D3E</string>
				<string>C6557E5116D66538005D2D3E</string>
				<string>66C458DB17943909005AF11E</string>
				<string>66C458DA179438FE005AF11E</string>
				<string>C6557E1C16D6621E005D2D3E</string>
				<string>C6557E2D16D6621E005D2D3E</string>
				<string>02FF770918E31CE4002282D3</string>
			</array>
			<key>isa</key>
			<string>PBXGroup</string>
			<key>name</key>
			<string>EasyMappingExample</string>
			<key>sourceTree</key>
			<string>&lt;group&gt;</string>
		</dict>
		<key>C6557E1C16D6621E005D2D3E</key>
		<dict>
			<key>children</key>
			<array>
				<string>C6557E1D16D6621E005D2D3E</string>
				<string>C6557E2116D6621E005D2D3E</string>
				<string>C6557E2316D6621E005D2D3E</string>
				<string>C6557E2716D6621E005D2D3E</string>
				<string>C6557E2916D6621E005D2D3E</string>
				<string>C6557E2B16D6621E005D2D3E</string>
			</array>
			<key>isa</key>
			<string>PBXGroup</string>
			<key>name</key>
			<string>Supporting Files</string>
			<key>sourceTree</key>
			<string>&lt;group&gt;</string>
		</dict>
		<key>C6557E1D16D6621E005D2D3E</key>
		<dict>
			<key>isa</key>
			<string>PBXFileReference</string>
			<key>lastKnownFileType</key>
			<string>text.plist.xml</string>
			<key>path</key>
			<string>EasyMappingExample-Info.plist</string>
			<key>sourceTree</key>
			<string>&lt;group&gt;</string>
		</dict>
		<key>C6557E2116D6621E005D2D3E</key>
		<dict>
			<key>isa</key>
			<string>PBXFileReference</string>
			<key>lastKnownFileType</key>
			<string>sourcecode.c.objc</string>
			<key>path</key>
			<string>main.m</string>
			<key>sourceTree</key>
			<string>&lt;group&gt;</string>
		</dict>
		<key>C6557E2216D6621E005D2D3E</key>
		<dict>
			<key>fileRef</key>
			<string>C6557E2116D6621E005D2D3E</string>
			<key>isa</key>
			<string>PBXBuildFile</string>
		</dict>
		<key>C6557E2316D6621E005D2D3E</key>
		<dict>
			<key>isa</key>
			<string>PBXFileReference</string>
			<key>lastKnownFileType</key>
			<string>sourcecode.c.h</string>
			<key>path</key>
			<string>EasyMappingExample-Prefix.pch</string>
			<key>sourceTree</key>
			<string>&lt;group&gt;</string>
		</dict>
		<key>C6557E2716D6621E005D2D3E</key>
		<dict>
			<key>isa</key>
			<string>PBXFileReference</string>
			<key>lastKnownFileType</key>
			<string>image.png</string>
			<key>path</key>
			<string>Default.png</string>
			<key>sourceTree</key>
			<string>&lt;group&gt;</string>
		</dict>
		<key>C6557E2816D6621E005D2D3E</key>
		<dict>
			<key>fileRef</key>
			<string>C6557E2716D6621E005D2D3E</string>
			<key>isa</key>
			<string>PBXBuildFile</string>
		</dict>
		<key>C6557E2916D6621E005D2D3E</key>
		<dict>
			<key>isa</key>
			<string>PBXFileReference</string>
			<key>lastKnownFileType</key>
			<string>image.png</string>
			<key>path</key>
			<string>Default@2x.png</string>
			<key>sourceTree</key>
			<string>&lt;group&gt;</string>
		</dict>
		<key>C6557E2A16D6621E005D2D3E</key>
		<dict>
			<key>fileRef</key>
			<string>C6557E2916D6621E005D2D3E</string>
			<key>isa</key>
			<string>PBXBuildFile</string>
		</dict>
		<key>C6557E2B16D6621E005D2D3E</key>
		<dict>
			<key>isa</key>
			<string>PBXFileReference</string>
			<key>lastKnownFileType</key>
			<string>image.png</string>
			<key>path</key>
			<string>Default-568h@2x.png</string>
			<key>sourceTree</key>
			<string>&lt;group&gt;</string>
		</dict>
		<key>C6557E2C16D6621E005D2D3E</key>
		<dict>
			<key>fileRef</key>
			<string>C6557E2B16D6621E005D2D3E</string>
			<key>isa</key>
			<string>PBXBuildFile</string>
		</dict>
		<key>C6557E2D16D6621E005D2D3E</key>
		<dict>
			<key>children</key>
			<array>
				<string>C6557E2E16D6621E005D2D3E</string>
			</array>
			<key>isa</key>
			<string>PBXVariantGroup</string>
			<key>name</key>
			<string>MainStoryboard.storyboard</string>
			<key>sourceTree</key>
			<string>&lt;group&gt;</string>
		</dict>
		<key>C6557E2E16D6621E005D2D3E</key>
		<dict>
			<key>isa</key>
			<string>PBXFileReference</string>
			<key>lastKnownFileType</key>
			<string>file.storyboard</string>
			<key>name</key>
			<string>en</string>
			<key>path</key>
			<string>en.lproj/MainStoryboard.storyboard</string>
			<key>sourceTree</key>
			<string>&lt;group&gt;</string>
		</dict>
		<key>C6557E2F16D6621E005D2D3E</key>
		<dict>
			<key>fileRef</key>
			<string>C6557E2D16D6621E005D2D3E</string>
			<key>isa</key>
			<string>PBXBuildFile</string>
		</dict>
		<key>C6557E4816D6621E005D2D3E</key>
		<dict>
			<key>buildSettings</key>
			<dict>
				<key>ALWAYS_SEARCH_USER_PATHS</key>
				<string>NO</string>
				<key>CLANG_CXX_LANGUAGE_STANDARD</key>
				<string>gnu++0x</string>
				<key>CLANG_CXX_LIBRARY</key>
				<string>libc++</string>
				<key>CLANG_ENABLE_OBJC_ARC</key>
				<string>YES</string>
				<key>CLANG_WARN_CONSTANT_CONVERSION</key>
				<string>YES</string>
				<key>CLANG_WARN_EMPTY_BODY</key>
				<string>YES</string>
				<key>CLANG_WARN_ENUM_CONVERSION</key>
				<string>YES</string>
				<key>CLANG_WARN_INT_CONVERSION</key>
				<string>YES</string>
				<key>CLANG_WARN__DUPLICATE_METHOD_MATCH</key>
				<string>YES</string>
				<key>CODE_SIGN_IDENTITY[sdk=iphoneos*]</key>
				<string>iPhone Developer</string>
				<key>COPY_PHASE_STRIP</key>
				<string>NO</string>
				<key>GCC_C_LANGUAGE_STANDARD</key>
				<string>gnu99</string>
				<key>GCC_DYNAMIC_NO_PIC</key>
				<string>NO</string>
				<key>GCC_OPTIMIZATION_LEVEL</key>
				<string>0</string>
				<key>GCC_PREPROCESSOR_DEFINITIONS</key>
				<array>
					<string>DEBUG=1</string>
					<string>$(inherited)</string>
				</array>
				<key>GCC_SYMBOLS_PRIVATE_EXTERN</key>
				<string>NO</string>
				<key>GCC_WARN_ABOUT_RETURN_TYPE</key>
				<string>YES</string>
				<key>GCC_WARN_UNINITIALIZED_AUTOS</key>
				<string>YES</string>
				<key>GCC_WARN_UNUSED_VARIABLE</key>
				<string>YES</string>
				<key>IPHONEOS_DEPLOYMENT_TARGET</key>
				<string>7.1</string>
				<key>ONLY_ACTIVE_ARCH</key>
				<string>YES</string>
				<key>SDKROOT</key>
				<string>iphoneos</string>
			</dict>
			<key>isa</key>
			<string>XCBuildConfiguration</string>
			<key>name</key>
			<string>Debug</string>
		</dict>
		<key>C6557E4916D6621E005D2D3E</key>
		<dict>
			<key>buildSettings</key>
			<dict>
				<key>ALWAYS_SEARCH_USER_PATHS</key>
				<string>NO</string>
				<key>CLANG_CXX_LANGUAGE_STANDARD</key>
				<string>gnu++0x</string>
				<key>CLANG_CXX_LIBRARY</key>
				<string>libc++</string>
				<key>CLANG_ENABLE_OBJC_ARC</key>
				<string>YES</string>
				<key>CLANG_WARN_CONSTANT_CONVERSION</key>
				<string>YES</string>
				<key>CLANG_WARN_EMPTY_BODY</key>
				<string>YES</string>
				<key>CLANG_WARN_ENUM_CONVERSION</key>
				<string>YES</string>
				<key>CLANG_WARN_INT_CONVERSION</key>
				<string>YES</string>
				<key>CLANG_WARN__DUPLICATE_METHOD_MATCH</key>
				<string>YES</string>
				<key>CODE_SIGN_IDENTITY[sdk=iphoneos*]</key>
				<string>iPhone Developer</string>
				<key>COPY_PHASE_STRIP</key>
				<string>YES</string>
				<key>GCC_C_LANGUAGE_STANDARD</key>
				<string>gnu99</string>
				<key>GCC_WARN_ABOUT_RETURN_TYPE</key>
				<string>YES</string>
				<key>GCC_WARN_UNINITIALIZED_AUTOS</key>
				<string>YES</string>
				<key>GCC_WARN_UNUSED_VARIABLE</key>
				<string>YES</string>
				<key>IPHONEOS_DEPLOYMENT_TARGET</key>
				<string>7.1</string>
				<key>OTHER_CFLAGS</key>
				<string>-DNS_BLOCK_ASSERTIONS=1</string>
				<key>SDKROOT</key>
				<string>iphoneos</string>
				<key>VALIDATE_PRODUCT</key>
				<string>YES</string>
			</dict>
			<key>isa</key>
			<string>XCBuildConfiguration</string>
			<key>name</key>
			<string>Release</string>
		</dict>
		<key>C6557E4A16D6621E005D2D3E</key>
		<dict>
			<key>buildConfigurations</key>
			<array>
				<string>C6557E4B16D6621E005D2D3E</string>
				<string>C6557E4C16D6621E005D2D3E</string>
			</array>
			<key>defaultConfigurationIsVisible</key>
			<string>0</string>
			<key>defaultConfigurationName</key>
			<string>Release</string>
			<key>isa</key>
			<string>XCConfigurationList</string>
		</dict>
		<key>C6557E4B16D6621E005D2D3E</key>
		<dict>
			<key>buildSettings</key>
			<dict>
				<key>ASSETCATALOG_COMPILER_APPICON_NAME</key>
				<string>AppIcon</string>
				<key>ASSETCATALOG_COMPILER_LAUNCHIMAGE_NAME</key>
				<string>LaunchImage</string>
				<key>GCC_PRECOMPILE_PREFIX_HEADER</key>
				<string>YES</string>
				<key>GCC_PREFIX_HEADER</key>
				<string>EasyMappingExample-Prefix.pch</string>
				<key>INFOPLIST_FILE</key>
				<string>$(SRCROOT)/EasyMappingExample-Info.plist</string>
				<key>IPHONEOS_DEPLOYMENT_TARGET</key>
				<string>7.1</string>
				<key>PRODUCT_NAME</key>
				<string>$(TARGET_NAME)</string>
				<key>WRAPPER_EXTENSION</key>
				<string>app</string>
			</dict>
			<key>isa</key>
			<string>XCBuildConfiguration</string>
			<key>name</key>
			<string>Debug</string>
		</dict>
		<key>C6557E4C16D6621E005D2D3E</key>
		<dict>
			<key>buildSettings</key>
			<dict>
				<key>ASSETCATALOG_COMPILER_APPICON_NAME</key>
				<string>AppIcon</string>
				<key>ASSETCATALOG_COMPILER_LAUNCHIMAGE_NAME</key>
				<string>LaunchImage</string>
				<key>GCC_PRECOMPILE_PREFIX_HEADER</key>
				<string>YES</string>
				<key>GCC_PREFIX_HEADER</key>
				<string>EasyMappingExample-Prefix.pch</string>
				<key>INFOPLIST_FILE</key>
				<string>$(SRCROOT)/EasyMappingExample-Info.plist</string>
				<key>IPHONEOS_DEPLOYMENT_TARGET</key>
				<string>7.1</string>
				<key>PRODUCT_NAME</key>
				<string>$(TARGET_NAME)</string>
				<key>WRAPPER_EXTENSION</key>
				<string>app</string>
			</dict>
			<key>isa</key>
			<string>XCBuildConfiguration</string>
			<key>name</key>
			<string>Release</string>
		</dict>
		<key>C6557E5016D6652A005D2D3E</key>
		<dict>
			<key>children</key>
			<array>
				<string>A9D16CF616F2B2770003759B</string>
				<string>A9D16CF716F2B2770003759B</string>
				<string>A9D16CF816F2B2770003759B</string>
				<string>A9D16CF916F2B2770003759B</string>
				<string>A9D16CFA16F2B2770003759B</string>
				<string>A9D16CFB16F2B2770003759B</string>
				<string>A9D16CFC16F2B2770003759B</string>
				<string>A9D16CFD16F2B2770003759B</string>
				<string>A9D16CFE16F2B2770003759B</string>
				<string>A9D16CFF16F2B2770003759B</string>
				<string>A9D16D0016F2B2770003759B</string>
				<string>A9D16D0116F2B2770003759B</string>
				<string>A9D16D0216F2B2770003759B</string>
				<string>A9D16D0316F2B2770003759B</string>
			</array>
			<key>isa</key>
			<string>PBXGroup</string>
			<key>name</key>
			<string>EasyMapping</string>
			<key>path</key>
			<string>../EasyMapping</string>
			<key>sourceTree</key>
			<string>&lt;group&gt;</string>
		</dict>
		<key>C6557E5116D66538005D2D3E</key>
		<dict>
			<key>children</key>
			<array>
				<string>C6557E5316D665A7005D2D3E</string>
				<string>C6557E5416D665A7005D2D3E</string>
			</array>
			<key>isa</key>
			<string>PBXGroup</string>
			<key>path</key>
			<string>Delegates</string>
			<key>sourceTree</key>
			<string>&lt;group&gt;</string>
		</dict>
		<key>C6557E5216D66542005D2D3E</key>
		<dict>
			<key>children</key>
			<array>
				<string>C6557E5616D665C8005D2D3E</string>
				<string>C6557E5716D665C8005D2D3E</string>
			</array>
			<key>isa</key>
			<string>PBXGroup</string>
			<key>name</key>
			<string>Controllers</string>
			<key>sourceTree</key>
			<string>&lt;group&gt;</string>
		</dict>
		<key>C6557E5316D665A7005D2D3E</key>
		<dict>
			<key>fileEncoding</key>
			<string>4</string>
			<key>isa</key>
			<string>PBXFileReference</string>
			<key>lastKnownFileType</key>
			<string>sourcecode.c.h</string>
			<key>path</key>
			<string>EKAppDelegate.h</string>
			<key>sourceTree</key>
			<string>&lt;group&gt;</string>
		</dict>
		<key>C6557E5416D665A7005D2D3E</key>
		<dict>
			<key>fileEncoding</key>
			<string>4</string>
			<key>isa</key>
			<string>PBXFileReference</string>
			<key>lastKnownFileType</key>
			<string>sourcecode.c.objc</string>
			<key>path</key>
			<string>EKAppDelegate.m</string>
			<key>sourceTree</key>
			<string>&lt;group&gt;</string>
		</dict>
		<key>C6557E5516D665A7005D2D3E</key>
		<dict>
			<key>fileRef</key>
			<string>C6557E5416D665A7005D2D3E</string>
			<key>isa</key>
			<string>PBXBuildFile</string>
		</dict>
		<key>C6557E5616D665C8005D2D3E</key>
		<dict>
			<key>fileEncoding</key>
			<string>4</string>
			<key>isa</key>
			<string>PBXFileReference</string>
			<key>lastKnownFileType</key>
			<string>sourcecode.c.h</string>
			<key>name</key>
			<string>EKViewController.h</string>
			<key>path</key>
			<string>Controllers/EKViewController.h</string>
			<key>sourceTree</key>
			<string>&lt;group&gt;</string>
		</dict>
		<key>C6557E5716D665C8005D2D3E</key>
		<dict>
			<key>fileEncoding</key>
			<string>4</string>
			<key>isa</key>
			<string>PBXFileReference</string>
			<key>lastKnownFileType</key>
			<string>sourcecode.c.objc</string>
			<key>name</key>
			<string>EKViewController.m</string>
			<key>path</key>
			<string>Controllers/EKViewController.m</string>
			<key>sourceTree</key>
			<string>&lt;group&gt;</string>
		</dict>
		<key>C6557E5816D665C8005D2D3E</key>
		<dict>
			<key>fileRef</key>
			<string>C6557E5716D665C8005D2D3E</string>
			<key>isa</key>
			<string>PBXBuildFile</string>
		</dict>
		<key>C6557E6416D68D08005D2D3E</key>
		<dict>
			<key>fileEncoding</key>
			<string>4</string>
			<key>isa</key>
			<string>PBXFileReference</string>
			<key>lastKnownFileType</key>
			<string>sourcecode.c.h</string>
			<key>path</key>
			<string>Person.h</string>
			<key>sourceTree</key>
			<string>&lt;group&gt;</string>
		</dict>
		<key>C6557E6516D68D08005D2D3E</key>
		<dict>
			<key>fileEncoding</key>
			<string>4</string>
			<key>isa</key>
			<string>PBXFileReference</string>
			<key>lastKnownFileType</key>
			<string>sourcecode.c.objc</string>
			<key>path</key>
			<string>Person.m</string>
			<key>sourceTree</key>
			<string>&lt;group&gt;</string>
		</dict>
		<key>C6557E6616D68D08005D2D3E</key>
		<dict>
			<key>fileRef</key>
			<string>C6557E6516D68D08005D2D3E</string>
			<key>isa</key>
			<string>PBXBuildFile</string>
		</dict>
		<key>C6557E6716D68D2E005D2D3E</key>
		<dict>
			<key>fileEncoding</key>
			<string>4</string>
			<key>isa</key>
			<string>PBXFileReference</string>
			<key>lastKnownFileType</key>
			<string>sourcecode.c.h</string>
			<key>path</key>
			<string>Car.h</string>
			<key>sourceTree</key>
			<string>&lt;group&gt;</string>
		</dict>
		<key>C6557E6816D68D2E005D2D3E</key>
		<dict>
			<key>fileEncoding</key>
			<string>4</string>
			<key>isa</key>
			<string>PBXFileReference</string>
			<key>lastKnownFileType</key>
			<string>sourcecode.c.objc</string>
			<key>path</key>
			<string>Car.m</string>
			<key>sourceTree</key>
			<string>&lt;group&gt;</string>
		</dict>
		<key>C6557E6916D68D2E005D2D3E</key>
		<dict>
			<key>fileRef</key>
			<string>C6557E6816D68D2E005D2D3E</string>
			<key>isa</key>
			<string>PBXBuildFile</string>
		</dict>
		<key>C6557E6A16D68D55005D2D3E</key>
		<dict>
			<key>fileEncoding</key>
			<string>4</string>
			<key>isa</key>
			<string>PBXFileReference</string>
			<key>lastKnownFileType</key>
			<string>sourcecode.c.h</string>
			<key>path</key>
			<string>Phone.h</string>
			<key>sourceTree</key>
			<string>&lt;group&gt;</string>
		</dict>
		<key>C6557E6B16D68D55005D2D3E</key>
		<dict>
			<key>fileEncoding</key>
			<string>4</string>
			<key>isa</key>
			<string>PBXFileReference</string>
			<key>lastKnownFileType</key>
			<string>sourcecode.c.objc</string>
			<key>path</key>
			<string>Phone.m</string>
			<key>sourceTree</key>
			<string>&lt;group&gt;</string>
		</dict>
		<key>C6557E6C16D68D55005D2D3E</key>
		<dict>
			<key>fileRef</key>
			<string>C6557E6B16D68D55005D2D3E</string>
			<key>isa</key>
			<string>PBXBuildFile</string>
		</dict>
		<key>C6BD161E16DD872400CCB4F6</key>
		<dict>
			<key>fileEncoding</key>
			<string>4</string>
			<key>isa</key>
			<string>PBXFileReference</string>
			<key>lastKnownFileType</key>
			<string>sourcecode.c.h</string>
			<key>path</key>
			<string>Address.h</string>
			<key>sourceTree</key>
			<string>&lt;group&gt;</string>
		</dict>
		<key>C6BD161F16DD872400CCB4F6</key>
		<dict>
			<key>fileEncoding</key>
			<string>4</string>
			<key>isa</key>
			<string>PBXFileReference</string>
			<key>lastKnownFileType</key>
			<string>sourcecode.c.objc</string>
			<key>path</key>
			<string>Address.m</string>
			<key>sourceTree</key>
			<string>&lt;group&gt;</string>
		</dict>
		<key>C6BD162016DD872400CCB4F6</key>
		<dict>
			<key>fileRef</key>
			<string>C6BD161F16DD872400CCB4F6</string>
			<key>isa</key>
			<string>PBXBuildFile</string>
		</dict>
		<key>C6BD162116DD876700CCB4F6</key>
		<dict>
			<key>isa</key>
			<string>PBXFileReference</string>
			<key>lastKnownFileType</key>
			<string>wrapper.framework</string>
			<key>name</key>
			<string>CoreLocation.framework</string>
			<key>path</key>
			<string>System/Library/Frameworks/CoreLocation.framework</string>
			<key>sourceTree</key>
			<string>SDKROOT</string>
		</dict>
		<key>C6BD162216DD876800CCB4F6</key>
		<dict>
			<key>fileRef</key>
			<string>C6BD162116DD876700CCB4F6</string>
			<key>isa</key>
			<string>PBXBuildFile</string>
		</dict>
		<key>F87FFB7518228BA600F0B424</key>
		<dict>
			<key>fileRef</key>
			<string>F889A7B117FDA88500DFC8D4</string>
			<key>isa</key>
			<string>PBXBuildFile</string>
		</dict>
		<key>F87FFB791822EC8500F0B424</key>
		<dict>
			<key>fileEncoding</key>
			<string>4</string>
			<key>isa</key>
			<string>PBXFileReference</string>
			<key>lastKnownFileType</key>
			<string>sourcecode.c.h</string>
			<key>path</key>
			<string>Seaplane.h</string>
			<key>sourceTree</key>
			<string>&lt;group&gt;</string>
		</dict>
		<key>F87FFB7A1822EC8500F0B424</key>
		<dict>
			<key>fileEncoding</key>
			<string>4</string>
			<key>isa</key>
			<string>PBXFileReference</string>
			<key>lastKnownFileType</key>
			<string>sourcecode.c.objc</string>
			<key>path</key>
			<string>Seaplane.m</string>
			<key>sourceTree</key>
			<string>&lt;group&gt;</string>
		</dict>
		<key>F87FFB7B1822EC8500F0B424</key>
		<dict>
			<key>fileRef</key>
			<string>F87FFB7A1822EC8500F0B424</string>
			<key>isa</key>
			<string>PBXBuildFile</string>
		</dict>
		<key>F889A7B017FDA88500DFC8D4</key>
		<dict>
			<key>fileEncoding</key>
			<string>4</string>
			<key>isa</key>
			<string>PBXFileReference</string>
			<key>lastKnownFileType</key>
			<string>sourcecode.c.h</string>
			<key>path</key>
			<string>Plane.h</string>
			<key>sourceTree</key>
			<string>&lt;group&gt;</string>
		</dict>
		<key>F889A7B117FDA88500DFC8D4</key>
		<dict>
			<key>fileEncoding</key>
			<string>4</string>
			<key>isa</key>
			<string>PBXFileReference</string>
			<key>lastKnownFileType</key>
			<string>sourcecode.c.objc</string>
			<key>path</key>
			<string>Plane.m</string>
			<key>sourceTree</key>
			<string>&lt;group&gt;</string>
		</dict>
	</dict>
	<key>rootObject</key>
	<string>C6557E0A16D6621E005D2D3E</string>
</dict>
</plist>
