PODS:
  - CMFactory (1.3.1):
    - Mantle (= 1.0)
    - SBJson (= 3.2)
  - Kiwi (2.2)
  - libextobjc/EXTKeyPathCoding (0.2.5):
    - libextobjc/RuntimeExtensions
  - libextobjc/EXTScope (0.2.5):
    - libextobjc/RuntimeExtensions
  - libextobjc/RuntimeExtensions (0.2.5)
  - Mantle (1.0):
    - libextobjc/EXTKeyPathCoding
    - libextobjc/EXTScope
  - SBJson (3.2)

DEPENDENCIES:
  - CMFactory (= 1.3.1)
  - Kiwi (= 2.2)

SPEC CHECKSUMS:
  CMFactory: 508b53d3028b9d1b79202f6002943e6a90709973
  Kiwi: db174bba4ee8068b15d7122f1b22fb64b7c1d378
  libextobjc: 2cbc74caf8bdc74a86fdf24673f773c83424ea98
  Mantle: aa9860e40cc365a094ef60fec46848fee7b03ca7
  SBJson: e60b4dc22448c2ae1e754b523a4ab53408e85c8d

COCOAPODS: 0.22.1
