// !$*UTF8*$!
{
	archiveVersion = 1;
	classes = {
	};
	objectVersion = 46;
	objects = {

/* Begin PBXBuildFile section */
		A95AD0FD16F5295100641F74 /* EKManagedObjectMappingSpec.m in Sources */ = {isa = PBXBuildFile; fileRef = A95AD0FC16F5295100641F74 /* EKManagedObjectMappingSpec.m */; };
		A976623516F94F95008BAD28 /* libPods-EasyMappingCoreDataExampleTests.a in Frameworks */ = {isa = PBXBuildFile; fileRef = A976623416F94F95008BAD28 /* libPods-EasyMappingCoreDataExampleTests.a */; };
		A976623716F94FA8008BAD28 /* libPods.a in Frameworks */ = {isa = PBXBuildFile; fileRef = A976623616F94FA8008BAD28 /* libPods.a */; };
		A976623A16F950A5008BAD28 /* EKManagedObjectMapping.m in Sources */ = {isa = PBXBuildFile; fileRef = A9D16D2816F2B4E50003759B /* EKManagedObjectMapping.m */; };
		A976623C16F950B8008BAD28 /* EKMapper.m in Sources */ = {isa = PBXBuildFile; fileRef = A9D16D2A16F2B4E50003759B /* EKMapper.m */; };
		A976623D16F950B8008BAD28 /* EKObjectMapping.m in Sources */ = {isa = PBXBuildFile; fileRef = A9D16D2D16F2B4E50003759B /* EKObjectMapping.m */; };
		A976623E16F950B8008BAD28 /* EKPropertyHelper.m in Sources */ = {isa = PBXBuildFile; fileRef = A9D16D2F16F2B4E50003759B /* EKPropertyHelper.m */; };
		A976623F16F950B8008BAD28 /* EKSerializer.m in Sources */ = {isa = PBXBuildFile; fileRef = A9D16D3116F2B4E50003759B /* EKSerializer.m */; };
		A976624016F950B8008BAD28 /* EKTransformer.m in Sources */ = {isa = PBXBuildFile; fileRef = A9D16D3316F2B4E50003759B /* EKTransformer.m */; };
		A976624116F950C7008BAD28 /* EKFieldMapping.m in Sources */ = {isa = PBXBuildFile; fileRef = A9D16D2416F2B4E50003759B /* EKFieldMapping.m */; };
		A976624216F9536C008BAD28 /* MappingProvider.m in Sources */ = {isa = PBXBuildFile; fileRef = A9D16D4116F2B4FA0003759B /* MappingProvider.m */; };
		A976624516FA9A77008BAD28 /* EKManagedObjectMapperSpec.m in Sources */ = {isa = PBXBuildFile; fileRef = A976624416FA9A77008BAD28 /* EKManagedObjectMapperSpec.m */; };
		A976624616FA9C35008BAD28 /* Car.m in Sources */ = {isa = PBXBuildFile; fileRef = A9D16D4C16F2B6310003759B /* Car.m */; };
		A976624716FA9C38008BAD28 /* Person.m in Sources */ = {isa = PBXBuildFile; fileRef = A9D16D4F16F2B6310003759B /* Person.m */; };
		A976624816FA9C3B008BAD28 /* Phone.m in Sources */ = {isa = PBXBuildFile; fileRef = A9D16D5216F2B6310003759B /* Phone.m */; };
		A976625316FA9C8F008BAD28 /* Address.json in Resources */ = {isa = PBXBuildFile; fileRef = A976624A16FA9C8F008BAD28 /* Address.json */; };
		A976625416FA9C8F008BAD28 /* Car.json in Resources */ = {isa = PBXBuildFile; fileRef = A976624B16FA9C8F008BAD28 /* Car.json */; };
		A976625516FA9C8F008BAD28 /* Cars.json in Resources */ = {isa = PBXBuildFile; fileRef = A976624C16FA9C8F008BAD28 /* Cars.json */; };
		A976625616FA9C8F008BAD28 /* CarWithDate.json in Resources */ = {isa = PBXBuildFile; fileRef = A976624D16FA9C8F008BAD28 /* CarWithDate.json */; };
		A976625716FA9C8F008BAD28 /* CarWithNestedAttributes.json in Resources */ = {isa = PBXBuildFile; fileRef = A976624E16FA9C8F008BAD28 /* CarWithNestedAttributes.json */; };
		A976625816FA9C8F008BAD28 /* CarWithRoot.json in Resources */ = {isa = PBXBuildFile; fileRef = A976624F16FA9C8F008BAD28 /* CarWithRoot.json */; };
		A976625916FA9C8F008BAD28 /* Female.json in Resources */ = {isa = PBXBuildFile; fileRef = A976625016FA9C8F008BAD28 /* Female.json */; };
		A976625A16FA9C8F008BAD28 /* Male.json in Resources */ = {isa = PBXBuildFile; fileRef = A976625116FA9C8F008BAD28 /* Male.json */; };
		A976625B16FA9C8F008BAD28 /* Person.json in Resources */ = {isa = PBXBuildFile; fileRef = A976625216FA9C8F008BAD28 /* Person.json */; };
		A976625C16FAA043008BAD28 /* EasyMappingCoreDataExample.xcdatamodeld in Sources */ = {isa = PBXBuildFile; fileRef = A9D16CC016F2B03D0003759B /* EasyMappingCoreDataExample.xcdatamodeld */; };
		A9D16CA716F2B03C0003759B /* UIKit.framework in Frameworks */ = {isa = PBXBuildFile; fileRef = A9D16CA616F2B03C0003759B /* UIKit.framework */; };
		A9D16CA916F2B03C0003759B /* Foundation.framework in Frameworks */ = {isa = PBXBuildFile; fileRef = A9D16CA816F2B03C0003759B /* Foundation.framework */; };
		A9D16CAB16F2B03C0003759B /* CoreGraphics.framework in Frameworks */ = {isa = PBXBuildFile; fileRef = A9D16CAA16F2B03C0003759B /* CoreGraphics.framework */; };
		A9D16CAD16F2B03C0003759B /* CoreData.framework in Frameworks */ = {isa = PBXBuildFile; fileRef = A9D16CAC16F2B03C0003759B /* CoreData.framework */; };
		A9D16CB316F2B03C0003759B /* InfoPlist.strings in Resources */ = {isa = PBXBuildFile; fileRef = A9D16CB116F2B03C0003759B /* InfoPlist.strings */; };
		A9D16CB516F2B03C0003759B /* main.m in Sources */ = {isa = PBXBuildFile; fileRef = A9D16CB416F2B03C0003759B /* main.m */; };
		A9D16CB916F2B03C0003759B /* AppDelegate.m in Sources */ = {isa = PBXBuildFile; fileRef = A9D16CB816F2B03C0003759B /* AppDelegate.m */; };
		A9D16CBB16F2B03D0003759B /* Default.png in Resources */ = {isa = PBXBuildFile; fileRef = A9D16CBA16F2B03D0003759B /* Default.png */; };
		A9D16CBD16F2B03D0003759B /* Default@2x.png in Resources */ = {isa = PBXBuildFile; fileRef = A9D16CBC16F2B03D0003759B /* Default@2x.png */; };
		A9D16CBF16F2B03D0003759B /* Default-568h@2x.png in Resources */ = {isa = PBXBuildFile; fileRef = A9D16CBE16F2B03D0003759B /* Default-568h@2x.png */; };
		A9D16CC216F2B03D0003759B /* EasyMappingCoreDataExample.xcdatamodeld in Sources */ = {isa = PBXBuildFile; fileRef = A9D16CC016F2B03D0003759B /* EasyMappingCoreDataExample.xcdatamodeld */; };
		A9D16D1116F2B4070003759B /* SenTestingKit.framework in Frameworks */ = {isa = PBXBuildFile; fileRef = A9D16D1016F2B4070003759B /* SenTestingKit.framework */; };
		A9D16D1216F2B4070003759B /* UIKit.framework in Frameworks */ = {isa = PBXBuildFile; fileRef = A9D16CA616F2B03C0003759B /* UIKit.framework */; };
		A9D16D1316F2B4070003759B /* Foundation.framework in Frameworks */ = {isa = PBXBuildFile; fileRef = A9D16CA816F2B03C0003759B /* Foundation.framework */; };
		A9D16D1916F2B4070003759B /* InfoPlist.strings in Resources */ = {isa = PBXBuildFile; fileRef = A9D16D1716F2B4070003759B /* InfoPlist.strings */; };
		A9D16D3416F2B4E50003759B /* EKFieldMapping.m in Sources */ = {isa = PBXBuildFile; fileRef = A9D16D2416F2B4E50003759B /* EKFieldMapping.m */; };
		A9D16D3616F2B4E50003759B /* EKManagedObjectMapping.m in Sources */ = {isa = PBXBuildFile; fileRef = A9D16D2816F2B4E50003759B /* EKManagedObjectMapping.m */; };
		A9D16D3716F2B4E50003759B /* EKMapper.m in Sources */ = {isa = PBXBuildFile; fileRef = A9D16D2A16F2B4E50003759B /* EKMapper.m */; };
		A9D16D3816F2B4E50003759B /* EKObjectMapping.m in Sources */ = {isa = PBXBuildFile; fileRef = A9D16D2D16F2B4E50003759B /* EKObjectMapping.m */; };
		A9D16D3916F2B4E50003759B /* EKPropertyHelper.m in Sources */ = {isa = PBXBuildFile; fileRef = A9D16D2F16F2B4E50003759B /* EKPropertyHelper.m */; };
		A9D16D3A16F2B4E50003759B /* EKSerializer.m in Sources */ = {isa = PBXBuildFile; fileRef = A9D16D3116F2B4E50003759B /* EKSerializer.m */; };
		A9D16D3B16F2B4E50003759B /* EKTransformer.m in Sources */ = {isa = PBXBuildFile; fileRef = A9D16D3316F2B4E50003759B /* EKTransformer.m */; };
		A9D16D4816F2B4FA0003759B /* MappingProvider.m in Sources */ = {isa = PBXBuildFile; fileRef = A9D16D4116F2B4FA0003759B /* MappingProvider.m */; };
		A9D16D4D16F2B6310003759B /* Car.m in Sources */ = {isa = PBXBuildFile; fileRef = A9D16D4C16F2B6310003759B /* Car.m */; };
		A9D16D5016F2B6310003759B /* Person.m in Sources */ = {isa = PBXBuildFile; fileRef = A9D16D4F16F2B6310003759B /* Person.m */; };
		A9D16D5316F2B6310003759B /* Phone.m in Sources */ = {isa = PBXBuildFile; fileRef = A9D16D5216F2B6310003759B /* Phone.m */; };
/* End PBXBuildFile section */

/* Begin PBXContainerItemProxy section */
		A9992F6216F5595A009ACCF6 /* PBXContainerItemProxy */ = {
			isa = PBXContainerItemProxy;
			containerPortal = A9D16C9B16F2B03C0003759B /* Project object */;
			proxyType = 1;
			remoteGlobalIDString = A9D16CA216F2B03C0003759B;
			remoteInfo = EasyMappingCoreDataExample;
		};
/* End PBXContainerItemProxy section */

/* Begin PBXFileReference section */
		013964F87C53481BB14C8923 /* Pods-EasyMappingCoreDataExampleTests.xcconfig */ = {isa = PBXFileReference; includeInIndex = 1; lastKnownFileType = text.xcconfig; name = "Pods-EasyMappingCoreDataExampleTests.xcconfig"; path = "Pods/Pods-EasyMappingCoreDataExampleTests.xcconfig"; sourceTree = SOURCE_ROOT; };
		8E9CC7F76A86487BAFF01AA2 /* Pods.xcconfig */ = {isa = PBXFileReference; includeInIndex = 1; lastKnownFileType = text.xcconfig; name = Pods.xcconfig; path = Pods/Pods.xcconfig; sourceTree = SOURCE_ROOT; };
		A95AD0FC16F5295100641F74 /* EKManagedObjectMappingSpec.m */ = {isa = PBXFileReference; fileEncoding = 4; lastKnownFileType = sourcecode.c.objc; path = EKManagedObjectMappingSpec.m; sourceTree = "<group>"; };
		A976623416F94F95008BAD28 /* libPods-EasyMappingCoreDataExampleTests.a */ = {isa = PBXFileReference; lastKnownFileType = archive.ar; name = "libPods-EasyMappingCoreDataExampleTests.a"; path = "Pods/build/Release-iphoneos/libPods-EasyMappingCoreDataExampleTests.a"; sourceTree = "<group>"; };
		A976623616F94FA8008BAD28 /* libPods.a */ = {isa = PBXFileReference; lastKnownFileType = archive.ar; name = libPods.a; path = "Pods/build/Release-iphoneos/libPods.a"; sourceTree = "<group>"; };
		A976624416FA9A77008BAD28 /* EKManagedObjectMapperSpec.m */ = {isa = PBXFileReference; fileEncoding = 4; lastKnownFileType = sourcecode.c.objc; path = EKManagedObjectMapperSpec.m; sourceTree = "<group>"; };
		A976624A16FA9C8F008BAD28 /* Address.json */ = {isa = PBXFileReference; fileEncoding = 4; lastKnownFileType = text.json; path = Address.json; sourceTree = "<group>"; };
		A976624B16FA9C8F008BAD28 /* Car.json */ = {isa = PBXFileReference; fileEncoding = 4; lastKnownFileType = text.json; path = Car.json; sourceTree = "<group>"; };
		A976624C16FA9C8F008BAD28 /* Cars.json */ = {isa = PBXFileReference; fileEncoding = 4; lastKnownFileType = text.json; path = Cars.json; sourceTree = "<group>"; };
		A976624D16FA9C8F008BAD28 /* CarWithDate.json */ = {isa = PBXFileReference; fileEncoding = 4; lastKnownFileType = text.json; path = CarWithDate.json; sourceTree = "<group>"; };
		A976624E16FA9C8F008BAD28 /* CarWithNestedAttributes.json */ = {isa = PBXFileReference; fileEncoding = 4; lastKnownFileType = text.json; path = CarWithNestedAttributes.json; sourceTree = "<group>"; };
		A976624F16FA9C8F008BAD28 /* CarWithRoot.json */ = {isa = PBXFileReference; fileEncoding = 4; lastKnownFileType = text.json; path = CarWithRoot.json; sourceTree = "<group>"; };
		A976625016FA9C8F008BAD28 /* Female.json */ = {isa = PBXFileReference; fileEncoding = 4; lastKnownFileType = text.json; path = Female.json; sourceTree = "<group>"; };
		A976625116FA9C8F008BAD28 /* Male.json */ = {isa = PBXFileReference; fileEncoding = 4; lastKnownFileType = text.json; path = Male.json; sourceTree = "<group>"; };
		A976625216FA9C8F008BAD28 /* Person.json */ = {isa = PBXFileReference; fileEncoding = 4; lastKnownFileType = text.json; path = Person.json; sourceTree = "<group>"; };
		A9D16CA316F2B03C0003759B /* EasyMappingCoreDataExample.app */ = {isa = PBXFileReference; explicitFileType = wrapper.application; includeInIndex = 0; path = EasyMappingCoreDataExample.app; sourceTree = BUILT_PRODUCTS_DIR; };
		A9D16CA616F2B03C0003759B /* UIKit.framework */ = {isa = PBXFileReference; lastKnownFileType = wrapper.framework; name = UIKit.framework; path = System/Library/Frameworks/UIKit.framework; sourceTree = SDKROOT; };
		A9D16CA816F2B03C0003759B /* Foundation.framework */ = {isa = PBXFileReference; lastKnownFileType = wrapper.framework; name = Foundation.framework; path = System/Library/Frameworks/Foundation.framework; sourceTree = SDKROOT; };
		A9D16CAA16F2B03C0003759B /* CoreGraphics.framework */ = {isa = PBXFileReference; lastKnownFileType = wrapper.framework; name = CoreGraphics.framework; path = System/Library/Frameworks/CoreGraphics.framework; sourceTree = SDKROOT; };
		A9D16CAC16F2B03C0003759B /* CoreData.framework */ = {isa = PBXFileReference; lastKnownFileType = wrapper.framework; name = CoreData.framework; path = System/Library/Frameworks/CoreData.framework; sourceTree = SDKROOT; };
		A9D16CB016F2B03C0003759B /* EasyMappingCoreDataExample-Info.plist */ = {isa = PBXFileReference; lastKnownFileType = text.plist.xml; path = "EasyMappingCoreDataExample-Info.plist"; sourceTree = "<group>"; };
		A9D16CB216F2B03C0003759B /* en */ = {isa = PBXFileReference; lastKnownFileType = text.plist.strings; name = en; path = en.lproj/InfoPlist.strings; sourceTree = "<group>"; };
		A9D16CB416F2B03C0003759B /* main.m */ = {isa = PBXFileReference; lastKnownFileType = sourcecode.c.objc; path = main.m; sourceTree = "<group>"; };
		A9D16CB616F2B03C0003759B /* EasyMappingCoreDataExample-Prefix.pch */ = {isa = PBXFileReference; lastKnownFileType = sourcecode.c.h; path = "EasyMappingCoreDataExample-Prefix.pch"; sourceTree = "<group>"; };
		A9D16CB716F2B03C0003759B /* AppDelegate.h */ = {isa = PBXFileReference; lastKnownFileType = sourcecode.c.h; path = AppDelegate.h; sourceTree = "<group>"; };
		A9D16CB816F2B03C0003759B /* AppDelegate.m */ = {isa = PBXFileReference; lastKnownFileType = sourcecode.c.objc; path = AppDelegate.m; sourceTree = "<group>"; };
		A9D16CBA16F2B03D0003759B /* Default.png */ = {isa = PBXFileReference; lastKnownFileType = image.png; path = Default.png; sourceTree = "<group>"; };
		A9D16CBC16F2B03D0003759B /* Default@2x.png */ = {isa = PBXFileReference; lastKnownFileType = image.png; path = "Default@2x.png"; sourceTree = "<group>"; };
		A9D16CBE16F2B03D0003759B /* Default-568h@2x.png */ = {isa = PBXFileReference; lastKnownFileType = image.png; path = "Default-568h@2x.png"; sourceTree = "<group>"; };
		A9D16CC116F2B03D0003759B /* EasyMappingCoreDataExample.xcdatamodel */ = {isa = PBXFileReference; lastKnownFileType = wrapper.xcdatamodel; path = EasyMappingCoreDataExample.xcdatamodel; sourceTree = "<group>"; };
		A9D16D0F16F2B4070003759B /* EasyMappingCoreDataExampleTests.octest */ = {isa = PBXFileReference; explicitFileType = wrapper.cfbundle; includeInIndex = 0; path = EasyMappingCoreDataExampleTests.octest; sourceTree = BUILT_PRODUCTS_DIR; };
		A9D16D1016F2B4070003759B /* SenTestingKit.framework */ = {isa = PBXFileReference; lastKnownFileType = wrapper.framework; name = SenTestingKit.framework; path = Library/Frameworks/SenTestingKit.framework; sourceTree = DEVELOPER_DIR; };
		A9D16D1616F2B4070003759B /* EasyMappingCoreDataExampleTests-Info.plist */ = {isa = PBXFileReference; lastKnownFileType = text.plist.xml; path = "EasyMappingCoreDataExampleTests-Info.plist"; sourceTree = "<group>"; };
		A9D16D1816F2B4070003759B /* en */ = {isa = PBXFileReference; lastKnownFileType = text.plist.strings; name = en; path = en.lproj/InfoPlist.strings; sourceTree = "<group>"; };
		A9D16D1D16F2B4070003759B /* EasyMappingCoreDataExampleTests-Prefix.pch */ = {isa = PBXFileReference; lastKnownFileType = sourcecode.c.h; path = "EasyMappingCoreDataExampleTests-Prefix.pch"; sourceTree = "<group>"; };
		A9D16D2216F2B4E50003759B /* EasyMapping.h */ = {isa = PBXFileReference; fileEncoding = 4; lastKnownFileType = sourcecode.c.h; path = EasyMapping.h; sourceTree = "<group>"; };
		A9D16D2316F2B4E50003759B /* EKFieldMapping.h */ = {isa = PBXFileReference; fileEncoding = 4; lastKnownFileType = sourcecode.c.h; path = EKFieldMapping.h; sourceTree = "<group>"; };
		A9D16D2416F2B4E50003759B /* EKFieldMapping.m */ = {isa = PBXFileReference; fileEncoding = 4; lastKnownFileType = sourcecode.c.objc; path = EKFieldMapping.m; sourceTree = "<group>"; };
		A9D16D2716F2B4E50003759B /* EKManagedObjectMapping.h */ = {isa = PBXFileReference; fileEncoding = 4; lastKnownFileType = sourcecode.c.h; path = EKManagedObjectMapping.h; sourceTree = "<group>"; };
		A9D16D2816F2B4E50003759B /* EKManagedObjectMapping.m */ = {isa = PBXFileReference; fileEncoding = 4; lastKnownFileType = sourcecode.c.objc; path = EKManagedObjectMapping.m; sourceTree = "<group>"; };
		A9D16D2916F2B4E50003759B /* EKMapper.h */ = {isa = PBXFileReference; fileEncoding = 4; lastKnownFileType = sourcecode.c.h; path = EKMapper.h; sourceTree = "<group>"; };
		A9D16D2A16F2B4E50003759B /* EKMapper.m */ = {isa = PBXFileReference; fileEncoding = 4; lastKnownFileType = sourcecode.c.objc; path = EKMapper.m; sourceTree = "<group>"; };
		A9D16D2B16F2B4E50003759B /* EKMappingBlocks.h */ = {isa = PBXFileReference; fileEncoding = 4; lastKnownFileType = sourcecode.c.h; path = EKMappingBlocks.h; sourceTree = "<group>"; };
		A9D16D2C16F2B4E50003759B /* EKObjectMapping.h */ = {isa = PBXFileReference; fileEncoding = 4; lastKnownFileType = sourcecode.c.h; path = EKObjectMapping.h; sourceTree = "<group>"; };
		A9D16D2D16F2B4E50003759B /* EKObjectMapping.m */ = {isa = PBXFileReference; fileEncoding = 4; lastKnownFileType = sourcecode.c.objc; path = EKObjectMapping.m; sourceTree = "<group>"; };
		A9D16D2E16F2B4E50003759B /* EKPropertyHelper.h */ = {isa = PBXFileReference; fileEncoding = 4; lastKnownFileType = sourcecode.c.h; path = EKPropertyHelper.h; sourceTree = "<group>"; };
		A9D16D2F16F2B4E50003759B /* EKPropertyHelper.m */ = {isa = PBXFileReference; fileEncoding = 4; lastKnownFileType = sourcecode.c.objc; path = EKPropertyHelper.m; sourceTree = "<group>"; };
		A9D16D3016F2B4E50003759B /* EKSerializer.h */ = {isa = PBXFileReference; fileEncoding = 4; lastKnownFileType = sourcecode.c.h; path = EKSerializer.h; sourceTree = "<group>"; };
		A9D16D3116F2B4E50003759B /* EKSerializer.m */ = {isa = PBXFileReference; fileEncoding = 4; lastKnownFileType = sourcecode.c.objc; path = EKSerializer.m; sourceTree = "<group>"; };
		A9D16D3216F2B4E50003759B /* EKTransformer.h */ = {isa = PBXFileReference; fileEncoding = 4; lastKnownFileType = sourcecode.c.h; path = EKTransformer.h; sourceTree = "<group>"; };
		A9D16D3316F2B4E50003759B /* EKTransformer.m */ = {isa = PBXFileReference; fileEncoding = 4; lastKnownFileType = sourcecode.c.objc; path = EKTransformer.m; sourceTree = "<group>"; };
		A9D16D4016F2B4FA0003759B /* MappingProvider.h */ = {isa = PBXFileReference; fileEncoding = 4; lastKnownFileType = sourcecode.c.h; path = MappingProvider.h; sourceTree = SOURCE_ROOT; };
		A9D16D4116F2B4FA0003759B /* MappingProvider.m */ = {isa = PBXFileReference; fileEncoding = 4; lastKnownFileType = sourcecode.c.objc; path = MappingProvider.m; sourceTree = SOURCE_ROOT; };
		A9D16D4B16F2B6310003759B /* Car.h */ = {isa = PBXFileReference; fileEncoding = 4; lastKnownFileType = sourcecode.c.h; path = Car.h; sourceTree = "<group>"; };
		A9D16D4C16F2B6310003759B /* Car.m */ = {isa = PBXFileReference; fileEncoding = 4; lastKnownFileType = sourcecode.c.objc; path = Car.m; sourceTree = "<group>"; };
		A9D16D4E16F2B6310003759B /* Person.h */ = {isa = PBXFileReference; fileEncoding = 4; lastKnownFileType = sourcecode.c.h; path = Person.h; sourceTree = "<group>"; };
		A9D16D4F16F2B6310003759B /* Person.m */ = {isa = PBXFileReference; fileEncoding = 4; lastKnownFileType = sourcecode.c.objc; path = Person.m; sourceTree = "<group>"; };
		A9D16D5116F2B6310003759B /* Phone.h */ = {isa = PBXFileReference; fileEncoding = 4; lastKnownFileType = sourcecode.c.h; path = Phone.h; sourceTree = "<group>"; };
		A9D16D5216F2B6310003759B /* Phone.m */ = {isa = PBXFileReference; fileEncoding = 4; lastKnownFileType = sourcecode.c.objc; path = Phone.m; sourceTree = "<group>"; };
/* End PBXFileReference section */

/* Begin PBXFrameworksBuildPhase section */
		A9D16CA016F2B03C0003759B /* Frameworks */ = {
			isa = PBXFrameworksBuildPhase;
			buildActionMask = 2147483647;
			files = (
				A9D16CA716F2B03C0003759B /* UIKit.framework in Frameworks */,
				A9D16CA916F2B03C0003759B /* Foundation.framework in Frameworks */,
				A9D16CAB16F2B03C0003759B /* CoreGraphics.framework in Frameworks */,
				A9D16CAD16F2B03C0003759B /* CoreData.framework in Frameworks */,
				A976623716F94FA8008BAD28 /* libPods.a in Frameworks */,
			);
			runOnlyForDeploymentPostprocessing = 0;
		};
		A9D16D0B16F2B4070003759B /* Frameworks */ = {
			isa = PBXFrameworksBuildPhase;
			buildActionMask = 2147483647;
			files = (
				A9D16D1116F2B4070003759B /* SenTestingKit.framework in Frameworks */,
				A9D16D1216F2B4070003759B /* UIKit.framework in Frameworks */,
				A9D16D1316F2B4070003759B /* Foundation.framework in Frameworks */,
				A976623516F94F95008BAD28 /* libPods-EasyMappingCoreDataExampleTests.a in Frameworks */,
			);
			runOnlyForDeploymentPostprocessing = 0;
		};
/* End PBXFrameworksBuildPhase section */

/* Begin PBXGroup section */
		A976624916FA9C84008BAD28 /* Fixtures */ = {
			isa = PBXGroup;
			children = (
				A976624A16FA9C8F008BAD28 /* Address.json */,
				A976624B16FA9C8F008BAD28 /* Car.json */,
				A976624C16FA9C8F008BAD28 /* Cars.json */,
				A976624D16FA9C8F008BAD28 /* CarWithDate.json */,
				A976624E16FA9C8F008BAD28 /* CarWithNestedAttributes.json */,
				A976624F16FA9C8F008BAD28 /* CarWithRoot.json */,
				A976625016FA9C8F008BAD28 /* Female.json */,
				A976625116FA9C8F008BAD28 /* Male.json */,
				A976625216FA9C8F008BAD28 /* Person.json */,
			);
			name = Fixtures;
			sourceTree = "<group>";
		};
		A9D16C9A16F2B03C0003759B = {
			isa = PBXGroup;
			children = (
				A9D16CAE16F2B03C0003759B /* EasyMappingCoreDataExample */,
				A9D16D1416F2B4070003759B /* EasyMappingCoreDataExampleTests */,
				A9D16CA516F2B03C0003759B /* Frameworks */,
				A9D16CA416F2B03C0003759B /* Products */,
				8E9CC7F76A86487BAFF01AA2 /* Pods.xcconfig */,
				013964F87C53481BB14C8923 /* Pods-EasyMappingCoreDataExampleTests.xcconfig */,
			);
			sourceTree = "<group>";
		};
		A9D16CA416F2B03C0003759B /* Products */ = {
			isa = PBXGroup;
			children = (
				A9D16CA316F2B03C0003759B /* EasyMappingCoreDataExample.app */,
				A9D16D0F16F2B4070003759B /* EasyMappingCoreDataExampleTests.octest */,
			);
			name = Products;
			sourceTree = "<group>";
		};
		A9D16CA516F2B03C0003759B /* Frameworks */ = {
			isa = PBXGroup;
			children = (
				A976623616F94FA8008BAD28 /* libPods.a */,
				A9D16CA616F2B03C0003759B /* UIKit.framework */,
				A9D16CA816F2B03C0003759B /* Foundation.framework */,
				A9D16CAA16F2B03C0003759B /* CoreGraphics.framework */,
				A9D16CAC16F2B03C0003759B /* CoreData.framework */,
				A9D16D1016F2B4070003759B /* SenTestingKit.framework */,
				A976623416F94F95008BAD28 /* libPods-EasyMappingCoreDataExampleTests.a */,
			);
			name = Frameworks;
			sourceTree = "<group>";
		};
		A9D16CAE16F2B03C0003759B /* EasyMappingCoreDataExample */ = {
			isa = PBXGroup;
			children = (
				A9D16D2116F2B4E50003759B /* EasyMapping */,
				A9D16D4016F2B4FA0003759B /* MappingProvider.h */,
				A9D16D4116F2B4FA0003759B /* MappingProvider.m */,
				A9D16CB716F2B03C0003759B /* AppDelegate.h */,
				A9D16CB816F2B03C0003759B /* AppDelegate.m */,
				A9D16CC016F2B03D0003759B /* EasyMappingCoreDataExample.xcdatamodeld */,
				A9D16D5116F2B6310003759B /* Phone.h */,
				A9D16D5216F2B6310003759B /* Phone.m */,
				A9D16D4E16F2B6310003759B /* Person.h */,
				A9D16D4F16F2B6310003759B /* Person.m */,
				A9D16D4B16F2B6310003759B /* Car.h */,
				A9D16D4C16F2B6310003759B /* Car.m */,
				A9D16CAF16F2B03C0003759B /* Supporting Files */,
			);
			name = EasyMappingCoreDataExample;
			sourceTree = "<group>";
		};
		A9D16CAF16F2B03C0003759B /* Supporting Files */ = {
			isa = PBXGroup;
			children = (
				A9D16CB016F2B03C0003759B /* EasyMappingCoreDataExample-Info.plist */,
				A9D16CB116F2B03C0003759B /* InfoPlist.strings */,
				A9D16CB416F2B03C0003759B /* main.m */,
				A9D16CB616F2B03C0003759B /* EasyMappingCoreDataExample-Prefix.pch */,
				A9D16CBA16F2B03D0003759B /* Default.png */,
				A9D16CBC16F2B03D0003759B /* Default@2x.png */,
				A9D16CBE16F2B03D0003759B /* Default-568h@2x.png */,
			);
			name = "Supporting Files";
			sourceTree = "<group>";
		};
		A9D16D1416F2B4070003759B /* EasyMappingCoreDataExampleTests */ = {
			isa = PBXGroup;
			children = (
				A976624916FA9C84008BAD28 /* Fixtures */,
				A9D16D1516F2B4070003759B /* Supporting Files */,
				A95AD0FC16F5295100641F74 /* EKManagedObjectMappingSpec.m */,
				A976624416FA9A77008BAD28 /* EKManagedObjectMapperSpec.m */,
			);
			path = EasyMappingCoreDataExampleTests;
			sourceTree = "<group>";
		};
		A9D16D1516F2B4070003759B /* Supporting Files */ = {
			isa = PBXGroup;
			children = (
				A9D16D1616F2B4070003759B /* EasyMappingCoreDataExampleTests-Info.plist */,
				A9D16D1716F2B4070003759B /* InfoPlist.strings */,
				A9D16D1D16F2B4070003759B /* EasyMappingCoreDataExampleTests-Prefix.pch */,
			);
			name = "Supporting Files";
			sourceTree = "<group>";
		};
		A9D16D2116F2B4E50003759B /* EasyMapping */ = {
			isa = PBXGroup;
			children = (
				A9D16D2216F2B4E50003759B /* EasyMapping.h */,
				A9D16D2316F2B4E50003759B /* EKFieldMapping.h */,
				A9D16D2416F2B4E50003759B /* EKFieldMapping.m */,
				A9D16D2716F2B4E50003759B /* EKManagedObjectMapping.h */,
				A9D16D2816F2B4E50003759B /* EKManagedObjectMapping.m */,
				A9D16D2916F2B4E50003759B /* EKMapper.h */,
				A9D16D2A16F2B4E50003759B /* EKMapper.m */,
				A9D16D2B16F2B4E50003759B /* EKMappingBlocks.h */,
				A9D16D2C16F2B4E50003759B /* EKObjectMapping.h */,
				A9D16D2D16F2B4E50003759B /* EKObjectMapping.m */,
				A9D16D2E16F2B4E50003759B /* EKPropertyHelper.h */,
				A9D16D2F16F2B4E50003759B /* EKPropertyHelper.m */,
				A9D16D3016F2B4E50003759B /* EKSerializer.h */,
				A9D16D3116F2B4E50003759B /* EKSerializer.m */,
				A9D16D3216F2B4E50003759B /* EKTransformer.h */,
				A9D16D3316F2B4E50003759B /* EKTransformer.m */,
			);
			name = EasyMapping;
			path = ../EasyMapping;
			sourceTree = "<group>";
		};
/* End PBXGroup section */

/* Begin PBXNativeTarget section */
		A9D16CA216F2B03C0003759B /* EasyMappingCoreDataExample */ = {
			isa = PBXNativeTarget;
			buildConfigurationList = A9D16CC516F2B03D0003759B /* Build configuration list for PBXNativeTarget "EasyMappingCoreDataExample" */;
			buildPhases = (
				A9D16C9F16F2B03C0003759B /* Sources */,
				A9D16CA016F2B03C0003759B /* Frameworks */,
				A9D16CA116F2B03C0003759B /* Resources */,
				E3C554F537C24CF8B7C4505F /* Copy Pods Resources */,
			);
			buildRules = (
			);
			dependencies = (
			);
			name = EasyMappingCoreDataExample;
			productName = EasyMappingCoreDataExample;
			productReference = A9D16CA316F2B03C0003759B /* EasyMappingCoreDataExample.app */;
			productType = "com.apple.product-type.application";
		};
		A9D16D0E16F2B4070003759B /* EasyMappingCoreDataExampleTests */ = {
			isa = PBXNativeTarget;
			buildConfigurationList = A9D16D2016F2B4070003759B /* Build configuration list for PBXNativeTarget "EasyMappingCoreDataExampleTests" */;
			buildPhases = (
				A9D16D0A16F2B4070003759B /* Sources */,
				A9D16D0B16F2B4070003759B /* Frameworks */,
				A9D16D0C16F2B4070003759B /* Resources */,
				A9D16D0D16F2B4070003759B /* ShellScript */,
				9B6F863BABD343A9857CEF11 /* Copy Pods Resources */,
			);
			buildRules = (
			);
			dependencies = (
				A9992F6316F5595A009ACCF6 /* PBXTargetDependency */,
			);
			name = EasyMappingCoreDataExampleTests;
			productName = EasyMappingCoreDataExampleTests;
			productReference = A9D16D0F16F2B4070003759B /* EasyMappingCoreDataExampleTests.octest */;
			productType = "com.apple.product-type.bundle";
		};
/* End PBXNativeTarget section */

/* Begin PBXProject section */
		A9D16C9B16F2B03C0003759B /* Project object */ = {
			isa = PBXProject;
			attributes = {
				LastUpgradeCheck = 0460;
			};
			buildConfigurationList = A9D16C9E16F2B03C0003759B /* Build configuration list for PBXProject "EasyMappingCoreDataExample" */;
			compatibilityVersion = "Xcode 3.2";
			developmentRegion = English;
			hasScannedForEncodings = 0;
			knownRegions = (
				en,
			);
			mainGroup = A9D16C9A16F2B03C0003759B;
			productRefGroup = A9D16CA416F2B03C0003759B /* Products */;
			projectDirPath = "";
			projectRoot = "";
			targets = (
				A9D16CA216F2B03C0003759B /* EasyMappingCoreDataExample */,
				A9D16D0E16F2B4070003759B /* EasyMappingCoreDataExampleTests */,
			);
		};
/* End PBXProject section */

/* Begin PBXResourcesBuildPhase section */
		A9D16CA116F2B03C0003759B /* Resources */ = {
			isa = PBXResourcesBuildPhase;
			buildActionMask = 2147483647;
			files = (
				A9D16CB316F2B03C0003759B /* InfoPlist.strings in Resources */,
				A9D16CBB16F2B03D0003759B /* Default.png in Resources */,
				A9D16CBD16F2B03D0003759B /* Default@2x.png in Resources */,
				A9D16CBF16F2B03D0003759B /* Default-568h@2x.png in Resources */,
			);
			runOnlyForDeploymentPostprocessing = 0;
		};
		A9D16D0C16F2B4070003759B /* Resources */ = {
			isa = PBXResourcesBuildPhase;
			buildActionMask = 2147483647;
			files = (
				A9D16D1916F2B4070003759B /* InfoPlist.strings in Resources */,
				A976625316FA9C8F008BAD28 /* Address.json in Resources */,
				A976625416FA9C8F008BAD28 /* Car.json in Resources */,
				A976625516FA9C8F008BAD28 /* Cars.json in Resources */,
				A976625616FA9C8F008BAD28 /* CarWithDate.json in Resources */,
				A976625716FA9C8F008BAD28 /* CarWithNestedAttributes.json in Resources */,
				A976625816FA9C8F008BAD28 /* CarWithRoot.json in Resources */,
				A976625916FA9C8F008BAD28 /* Female.json in Resources */,
				A976625A16FA9C8F008BAD28 /* Male.json in Resources */,
				A976625B16FA9C8F008BAD28 /* Person.json in Resources */,
			);
			runOnlyForDeploymentPostprocessing = 0;
		};
/* End PBXResourcesBuildPhase section */

/* Begin PBXShellScriptBuildPhase section */
		9B6F863BABD343A9857CEF11 /* Copy Pods Resources */ = {
			isa = PBXShellScriptBuildPhase;
			buildActionMask = 2147483647;
			files = (
			);
			inputPaths = (
			);
			name = "Copy Pods Resources";
			outputPaths = (
			);
			runOnlyForDeploymentPostprocessing = 0;
			shellPath = /bin/sh;
			shellScript = "\"${SRCROOT}/Pods/Pods-EasyMappingCoreDataExampleTests-resources.sh\"\n";
		};
		A9D16D0D16F2B4070003759B /* ShellScript */ = {
			isa = PBXShellScriptBuildPhase;
			buildActionMask = 2147483647;
			files = (
			);
			inputPaths = (
			);
			outputPaths = (
			);
			runOnlyForDeploymentPostprocessing = 0;
			shellPath = /bin/sh;
			shellScript = "# Run the unit tests in this test bundle.\n\"${SYSTEM_DEVELOPER_DIR}/Tools/RunUnitTests\"\n";
		};
		E3C554F537C24CF8B7C4505F /* Copy Pods Resources */ = {
			isa = PBXShellScriptBuildPhase;
			buildActionMask = 2147483647;
			files = (
			);
			inputPaths = (
			);
			name = "Copy Pods Resources";
			outputPaths = (
			);
			runOnlyForDeploymentPostprocessing = 0;
			shellPath = /bin/sh;
			shellScript = "\"${SRCROOT}/Pods/Pods-resources.sh\"\n";
		};
/* End PBXShellScriptBuildPhase section */

/* Begin PBXSourcesBuildPhase section */
		A9D16C9F16F2B03C0003759B /* Sources */ = {
			isa = PBXSourcesBuildPhase;
			buildActionMask = 2147483647;
			files = (
				A9D16CB516F2B03C0003759B /* main.m in Sources */,
				A9D16CB916F2B03C0003759B /* AppDelegate.m in Sources */,
				A9D16CC216F2B03D0003759B /* EasyMappingCoreDataExample.xcdatamodeld in Sources */,
				A9D16D3416F2B4E50003759B /* EKFieldMapping.m in Sources */,
				A9D16D3616F2B4E50003759B /* EKManagedObjectMapping.m in Sources */,
				A9D16D3716F2B4E50003759B /* EKMapper.m in Sources */,
				A9D16D3816F2B4E50003759B /* EKObjectMapping.m in Sources */,
				A9D16D3916F2B4E50003759B /* EKPropertyHelper.m in Sources */,
				A9D16D3A16F2B4E50003759B /* EKSerializer.m in Sources */,
				A9D16D3B16F2B4E50003759B /* EKTransformer.m in Sources */,
				A9D16D4816F2B4FA0003759B /* MappingProvider.m in Sources */,
				A9D16D4D16F2B6310003759B /* Car.m in Sources */,
				A9D16D5016F2B6310003759B /* Person.m in Sources */,
				A9D16D5316F2B6310003759B /* Phone.m in Sources */,
			);
			runOnlyForDeploymentPostprocessing = 0;
		};
		A9D16D0A16F2B4070003759B /* Sources */ = {
			isa = PBXSourcesBuildPhase;
			buildActionMask = 2147483647;
			files = (
				A95AD0FD16F5295100641F74 /* EKManagedObjectMappingSpec.m in Sources */,
				A976623A16F950A5008BAD28 /* EKManagedObjectMapping.m in Sources */,
				A976623C16F950B8008BAD28 /* EKMapper.m in Sources */,
				A976623D16F950B8008BAD28 /* EKObjectMapping.m in Sources */,
				A976623E16F950B8008BAD28 /* EKPropertyHelper.m in Sources */,
				A976623F16F950B8008BAD28 /* EKSerializer.m in Sources */,
				A976624016F950B8008BAD28 /* EKTransformer.m in Sources */,
				A976624116F950C7008BAD28 /* EKFieldMapping.m in Sources */,
				A976624216F9536C008BAD28 /* MappingProvider.m in Sources */,
				A976624516FA9A77008BAD28 /* EKManagedObjectMapperSpec.m in Sources */,
				A976624616FA9C35008BAD28 /* Car.m in Sources */,
				A976624716FA9C38008BAD28 /* Person.m in Sources */,
				A976624816FA9C3B008BAD28 /* Phone.m in Sources */,
				A976625C16FAA043008BAD28 /* EasyMappingCoreDataExample.xcdatamodeld in Sources */,
			);
			runOnlyForDeploymentPostprocessing = 0;
		};
/* End PBXSourcesBuildPhase section */

/* Begin PBXTargetDependency section */
		A9992F6316F5595A009ACCF6 /* PBXTargetDependency */ = {
			isa = PBXTargetDependency;
			target = A9D16CA216F2B03C0003759B /* EasyMappingCoreDataExample */;
			targetProxy = A9992F6216F5595A009ACCF6 /* PBXContainerItemProxy */;
		};
/* End PBXTargetDependency section */

/* Begin PBXVariantGroup section */
		A9D16CB116F2B03C0003759B /* InfoPlist.strings */ = {
			isa = PBXVariantGroup;
			children = (
				A9D16CB216F2B03C0003759B /* en */,
			);
			name = InfoPlist.strings;
			sourceTree = "<group>";
		};
		A9D16D1716F2B4070003759B /* InfoPlist.strings */ = {
			isa = PBXVariantGroup;
			children = (
				A9D16D1816F2B4070003759B /* en */,
			);
			name = InfoPlist.strings;
			sourceTree = "<group>";
		};
/* End PBXVariantGroup section */

/* Begin XCBuildConfiguration section */
		A9D16CC316F2B03D0003759B /* Debug */ = {
			isa = XCBuildConfiguration;
			buildSettings = {
				ALWAYS_SEARCH_USER_PATHS = NO;
				CLANG_CXX_LANGUAGE_STANDARD = "gnu++0x";
				CLANG_CXX_LIBRARY = "libc++";
				CLANG_ENABLE_OBJC_ARC = YES;
				CLANG_WARN_CONSTANT_CONVERSION = YES;
				CLANG_WARN_EMPTY_BODY = YES;
				CLANG_WARN_ENUM_CONVERSION = YES;
				CLANG_WARN_INT_CONVERSION = YES;
				CLANG_WARN__DUPLICATE_METHOD_MATCH = YES;
				"CODE_SIGN_IDENTITY[sdk=iphoneos*]" = "iPhone Developer";
				COPY_PHASE_STRIP = NO;
				FRAMEWORK_SEARCH_PATHS = /var/empty;
				GCC_C_LANGUAGE_STANDARD = gnu99;
				GCC_DYNAMIC_NO_PIC = NO;
				GCC_OPTIMIZATION_LEVEL = 0;
				GCC_PREPROCESSOR_DEFINITIONS = (
					"DEBUG=1",
					"$(inherited)",
				);
				GCC_SYMBOLS_PRIVATE_EXTERN = NO;
				GCC_WARN_ABOUT_RETURN_TYPE = YES;
				GCC_WARN_UNINITIALIZED_AUTOS = YES;
				GCC_WARN_UNUSED_VARIABLE = YES;
				IPHONEOS_DEPLOYMENT_TARGET = 6.1;
				ONLY_ACTIVE_ARCH = YES;
				SDKROOT = iphoneos;
			};
			name = Debug;
		};
		A9D16CC416F2B03D0003759B /* Release */ = {
			isa = XCBuildConfiguration;
			buildSettings = {
				ALWAYS_SEARCH_USER_PATHS = NO;
				CLANG_CXX_LANGUAGE_STANDARD = "gnu++0x";
				CLANG_CXX_LIBRARY = "libc++";
				CLANG_ENABLE_OBJC_ARC = YES;
				CLANG_WARN_CONSTANT_CONVERSION = YES;
				CLANG_WARN_EMPTY_BODY = YES;
				CLANG_WARN_ENUM_CONVERSION = YES;
				CLANG_WARN_INT_CONVERSION = YES;
				CLANG_WARN__DUPLICATE_METHOD_MATCH = YES;
				"CODE_SIGN_IDENTITY[sdk=iphoneos*]" = "iPhone Developer";
				COPY_PHASE_STRIP = YES;
				FRAMEWORK_SEARCH_PATHS = /var/empty;
				GCC_C_LANGUAGE_STANDARD = gnu99;
				GCC_WARN_ABOUT_RETURN_TYPE = YES;
				GCC_WARN_UNINITIALIZED_AUTOS = YES;
				GCC_WARN_UNUSED_VARIABLE = YES;
				IPHONEOS_DEPLOYMENT_TARGET = 6.1;
				OTHER_CFLAGS = "-DNS_BLOCK_ASSERTIONS=1";
				SDKROOT = iphoneos;
				VALIDATE_PRODUCT = YES;
			};
			name = Release;
		};
		A9D16CC616F2B03D0003759B /* Debug */ = {
			isa = XCBuildConfiguration;
			baseConfigurationReference = 8E9CC7F76A86487BAFF01AA2 /* Pods.xcconfig */;
			buildSettings = {
				GCC_PRECOMPILE_PREFIX_HEADER = YES;
				GCC_PREFIX_HEADER = "EasyMappingCoreDataExample-Prefix.pch";
				INFOPLIST_FILE = "$(SRCROOT)/EasyMappingCoreDataExample-Info.plist";
				PRODUCT_NAME = "$(TARGET_NAME)";
				WRAPPER_EXTENSION = app;
			};
			name = Debug;
		};
		A9D16CC716F2B03D0003759B /* Release */ = {
			isa = XCBuildConfiguration;
			baseConfigurationReference = 8E9CC7F76A86487BAFF01AA2 /* Pods.xcconfig */;
			buildSettings = {
				GCC_PRECOMPILE_PREFIX_HEADER = YES;
				GCC_PREFIX_HEADER = "EasyMappingCoreDataExample-Prefix.pch";
				INFOPLIST_FILE = "$(SRCROOT)/EasyMappingCoreDataExample-Info.plist";
				PRODUCT_NAME = "$(TARGET_NAME)";
				WRAPPER_EXTENSION = app;
			};
			name = Release;
		};
		A9D16D1E16F2B4070003759B /* Debug */ = {
			isa = XCBuildConfiguration;
			baseConfigurationReference = 013964F87C53481BB14C8923 /* Pods-EasyMappingCoreDataExampleTests.xcconfig */;
			buildSettings = {
				GCC_PRECOMPILE_PREFIX_HEADER = YES;
				GCC_PREFIX_HEADER = "EasyMappingCoreDataExampleTests/EasyMappingCoreDataExampleTests-Prefix.pch";
				INFOPLIST_FILE = "EasyMappingCoreDataExampleTests/EasyMappingCoreDataExampleTests-Info.plist";
				PRODUCT_NAME = "$(TARGET_NAME)";
				WRAPPER_EXTENSION = octest;
			};
			name = Debug;
		};
		A9D16D1F16F2B4070003759B /* Release */ = {
			isa = XCBuildConfiguration;
			baseConfigurationReference = 013964F87C53481BB14C8923 /* Pods-EasyMappingCoreDataExampleTests.xcconfig */;
			buildSettings = {
				GCC_PRECOMPILE_PREFIX_HEADER = YES;
				GCC_PREFIX_HEADER = "EasyMappingCoreDataExampleTests/EasyMappingCoreDataExampleTests-Prefix.pch";
				GCC_PREPROCESSOR_DEFINITIONS = "";
				INFOPLIST_FILE = "EasyMappingCoreDataExampleTests/EasyMappingCoreDataExampleTests-Info.plist";
				PRODUCT_NAME = "$(TARGET_NAME)";
				WRAPPER_EXTENSION = octest;
			};
			name = Release;
		};
/* End XCBuildConfiguration section */

/* Begin XCConfigurationList section */
		A9D16C9E16F2B03C0003759B /* Build configuration list for PBXProject "EasyMappingCoreDataExample" */ = {
			isa = XCConfigurationList;
			buildConfigurations = (
				A9D16CC316F2B03D0003759B /* Debug */,
				A9D16CC416F2B03D0003759B /* Release */,
			);
			defaultConfigurationIsVisible = 0;
			defaultConfigurationName = Release;
		};
		A9D16CC516F2B03D0003759B /* Build configuration list for PBXNativeTarget "EasyMappingCoreDataExample" */ = {
			isa = XCConfigurationList;
			buildConfigurations = (
				A9D16CC616F2B03D0003759B /* Debug */,
				A9D16CC716F2B03D0003759B /* Release */,
			);
			defaultConfigurationIsVisible = 0;
			defaultConfigurationName = Release;
		};
		A9D16D2016F2B4070003759B /* Build configuration list for PBXNativeTarget "EasyMappingCoreDataExampleTests" */ = {
			isa = XCConfigurationList;
			buildConfigurations = (
				A9D16D1E16F2B4070003759B /* Debug */,
				A9D16D1F16F2B4070003759B /* Release */,
			);
			defaultConfigurationIsVisible = 0;
			defaultConfigurationName = Release;
		};
/* End XCConfigurationList section */

/* Begin XCVersionGroup section */
		A9D16CC016F2B03D0003759B /* EasyMappingCoreDataExample.xcdatamodeld */ = {
			isa = XCVersionGroup;
			children = (
				A9D16CC116F2B03D0003759B /* EasyMappingCoreDataExample.xcdatamodel */,
			);
			currentVersion = A9D16CC116F2B03D0003759B /* EasyMappingCoreDataExample.xcdatamodel */;
			path = EasyMappingCoreDataExample.xcdatamodeld;
			sourceTree = "<group>";
			versionGroupType = wrapper.xcdatamodel;
		};
/* End XCVersionGroup section */
	};
	rootObject = A9D16C9B16F2B03C0003759B /* Project object */;
}
